// !$*UTF8*$!
{
	archiveVersion = 1;
	classes = {
	};
	objectVersion = 46;
	objects = {

/* Begin PBXBuildFile section */
		01AEAC479D514B34A1527FB4 /* IONAssetHandler.m in Sources */ = {isa = PBXBuildFile; fileRef = C8ACCD8E8F2640129D4B17EC /* IONAssetHandler.m */; };
		0207DA581B56EA530066E2B4 /* Images.xcassets in Resources */ = {isa = PBXBuildFile; fileRef = 0207DA571B56EA530066E2B4 /* Images.xcassets */; };
		02ADE4730CFD43529B6CEC11 /* GCDWebServerDataRequest.m in Sources */ = {isa = PBXBuildFile; fileRef = 33C2660ECAFB4990A6701D59 /* GCDWebServerDataRequest.m */; };
		09D571BF03164F74835A3D86 /* GCDWebServerStreamedResponse.m in Sources */ = {isa = PBXBuildFile; fileRef = E6BF78B683A042DABF1EF64D /* GCDWebServerStreamedResponse.m */; };
		0BCEEBD87E084C1887A75770 /* AFURLResponseSerialization.m in Sources */ = {isa = PBXBuildFile; fileRef = 8383FA68DD9A431995A52F3A /* AFURLResponseSerialization.m */; };
		0FCFE49F1BB24E8F8A6B87B4 /* GCDWebServerDataResponse.m in Sources */ = {isa = PBXBuildFile; fileRef = DAB53095A1244E3B97D7E5CB /* GCDWebServerDataResponse.m */; };
		0FE3EBE78DF94AEAAC1F795F /* CDVWKProcessPoolFactory.m in Sources */ = {isa = PBXBuildFile; fileRef = 96EE4674E9DF4626A2A7E240 /* CDVWKProcessPoolFactory.m */; };
		115D19A505CA4035B17F2E35 /* CDVLocation.m in Sources */ = {isa = PBXBuildFile; fileRef = DFB29BB28C624494BA6AC9E8 /* CDVLocation.m */; };
		12FAD69EAE364CFCA9C5DB17 /* libc++.tbd in Frameworks */ = {isa = PBXBuildFile; fileRef = 378E585BA1244D8692AB06EA /* libc++.tbd */; };
		1542E82F6B524675BD35962F /* GCDWebServerFunctions.m in Sources */ = {isa = PBXBuildFile; fileRef = 668A732EF9B54B93BFE87AB4 /* GCDWebServerFunctions.m */; };
		1D3623260D0F684500981E51 /* AppDelegate.m in Sources */ = {isa = PBXBuildFile; fileRef = 1D3623250D0F684500981E51 /* AppDelegate.m */; };
		1D60589B0D05DD56006BFB54 /* main.m in Sources */ = {isa = PBXBuildFile; fileRef = 29B97316FDCFA39411CA2CEA /* main.m */; };
		1E54B24CF0614E9DA140646E /* APPLocalNotification.m in Sources */ = {isa = PBXBuildFile; fileRef = 1626D1A665A84BA7AF7BB7EF /* APPLocalNotification.m */; };
		2193F9A3E5CD40208D33AF1A /* GCDWebServerFileResponse.m in Sources */ = {isa = PBXBuildFile; fileRef = A086343C2B534116A4D21D44 /* GCDWebServerFileResponse.m */; };
		284031409F78416C9076B803 /* WebKit.framework in Frameworks */ = {isa = PBXBuildFile; fileRef = C1930EC7FAB04175BC26F274 /* WebKit.framework */; settings = {ATTRIBUTES = (Weak, ); }; };
		301BF552109A68D80062928A /* libCordova.a in Frameworks */ = {isa = PBXBuildFile; fileRef = 301BF535109A57CC0062928A /* libCordova.a */; };
		302D95F114D2391D003F00A1 /* MainViewController.m in Sources */ = {isa = PBXBuildFile; fileRef = 302D95EF14D2391D003F00A1 /* MainViewController.m */; };
		302D95F214D2391D003F00A1 /* MainViewController.xib in Resources */ = {isa = PBXBuildFile; fileRef = 302D95F014D2391D003F00A1 /* MainViewController.xib */; };
		35B4454ADB304E17856E0647 /* appbeep.wav in Resources */ = {isa = PBXBuildFile; fileRef = BC08B5A88FC441F682EF4DA4 /* appbeep.wav */; };
		36FDAB4AC92446E9A01C6D28 /* AFHTTPSessionManager.m in Sources */ = {isa = PBXBuildFile; fileRef = 41BEF733CDFF402CB3E0443D /* AFHTTPSessionManager.m */; };
		3CE835EDBAA94855B453FFEC /* CoreLocation.framework in Frameworks */ = {isa = PBXBuildFile; fileRef = 5915CE336C25437785B356AD /* CoreLocation.framework */; };
		3DAFEFDB796A4E50B5EA2C9C /* FCMPlugin.m in Sources */ = {isa = PBXBuildFile; fileRef = F30B7A538F144CBB97521AA5 /* FCMPlugin.m */; };
		4112E305CB25416CAE755A9F /* GCDWebServerURLEncodedFormRequest.m in Sources */ = {isa = PBXBuildFile; fileRef = 27832D33341E4511B10DE02A /* GCDWebServerURLEncodedFormRequest.m */; };
		42839810F08E49789B702430 /* GCDWebServerResponse.m in Sources */ = {isa = PBXBuildFile; fileRef = A51DB3EE71304958A4111430 /* GCDWebServerResponse.m */; };
		459DF0B950BF482784961920 /* TextResponseSerializer.m in Sources */ = {isa = PBXBuildFile; fileRef = 0D0D913E896C4430BFF991B8 /* TextResponseSerializer.m */; };
		4BA0B1468B574EF290F2F282 /* GCDWebServer.m in Sources */ = {isa = PBXBuildFile; fileRef = 1B6BC4069D3243408F3149F3 /* GCDWebServer.m */; };
		503470534AB34EB19E2973DA /* AppDelegate+notification.m in Sources */ = {isa = PBXBuildFile; fileRef = 2326443C84E44032BBB02AB9 /* AppDelegate+notification.m */; };
		504B81DABA41472981B37920 /* CDVIonicKeyboard.m in Sources */ = {isa = PBXBuildFile; fileRef = 21FCC89893984E429EEE064D /* CDVIonicKeyboard.m */; };
		511AD88208124E95A8980112 /* CDVUniqueDeviceID.m in Sources */ = {isa = PBXBuildFile; fileRef = A92640FD0D184C7EB68D90C6 /* CDVUniqueDeviceID.m */; };
		532D8574D9F841A9858074FC /* UICKeyChainStore.m in Sources */ = {isa = PBXBuildFile; fileRef = 6DAA462431B646D18FDE74E3 /* UICKeyChainStore.m */; };
		533C7002D3F943FB864CDB65 /* CFCallNumber.m in Sources */ = {isa = PBXBuildFile; fileRef = 1E101876A4F2436790377ADF /* CFCallNumber.m */; };
		549AB51901DD4400932CE601 /* sqlite3.c in Sources */ = {isa = PBXBuildFile; fileRef = AF16E4CC6FA74CC889A60897 /* sqlite3.c */; settings = {COMPILER_FLAGS = "-w -DSQLITE_THREADSAFE=1 -DSQLITE_DEFAULT_SYNCHRONOUS=3 -DSQLITE_DEFAULT_MEMSTATUS=0 -DSQLITE_OMIT_DECLTYPE -DSQLITE_OMIT_DEPRECATED -DSQLITE_OMIT_PROGRESS_CALLBACK -DSQLITE_OMIT_SHARED_CACHE -DSQLITE_TEMP_STORE=2 -DSQLITE_OMIT_LOAD_EXTENSION -DSQLITE_ENABLE_FTS3 -DSQLITE_ENABLE_FTS3_PARENTHESIS -DSQLITE_ENABLE_FTS4 -DSQLITE_ENABLE_RTREE -DSQLITE_DEFAULT_PAGE_SIZE=1024 -DSQLITE_DEFAULT_CACHE_SIZE=2000"; }; };
		581B82C9AEE54A058DE679A2 /* PSPDFThreadSafeMutableDictionary.m in Sources */ = {isa = PBXBuildFile; fileRef = 3E147DA202004D5D9EACBB0E /* PSPDFThreadSafeMutableDictionary.m */; settings = {COMPILER_FLAGS = "-w"; }; };
		65960C0C0EB24B13BA84CABD /* CDVWKWebViewUIDelegate.m in Sources */ = {isa = PBXBuildFile; fileRef = D9F7D50152084338B4DBE4C8 /* CDVWKWebViewUIDelegate.m */; };
		67DEC86D31644A08BF719BFA /* CDVDevice.m in Sources */ = {isa = PBXBuildFile; fileRef = 358BB130EA084B40B6D2B26E /* CDVDevice.m */; };
		6AFF5BF91D6E424B00AB3073 /* CDVLaunchScreen.storyboard in Resources */ = {isa = PBXBuildFile; fileRef = 6AFF5BF81D6E424B00AB3073 /* CDVLaunchScreen.storyboard */; };
		6E3E690B02B547E78898AE9B /* FirebaseCore.framework in Frameworks */ = {isa = PBXBuildFile; fileRef = 1C65BAA7CB1D468290F75819 /* FirebaseCore.framework */; };
		704C528A8CC94303A10589DC /* AFNetworkReachabilityManager.m in Sources */ = {isa = PBXBuildFile; fileRef = 53A7CF3F0F0B435F8FB9D167 /* AFNetworkReachabilityManager.m */; };
		71020017723C440D81610F29 /* GCDWebServerErrorResponse.m in Sources */ = {isa = PBXBuildFile; fileRef = 6F7B71A0CBF24EB3BB884562 /* GCDWebServerErrorResponse.m */; };
		7A131221893E4B8195DB2AEE /* UNNotificationRequest+APPLocalNotification.m in Sources */ = {isa = PBXBuildFile; fileRef = 2A1256E8995446259B573ACA /* UNNotificationRequest+APPLocalNotification.m */; };
		8329E55C4F504A77AAB20E1D /* AFURLSessionManager.m in Sources */ = {isa = PBXBuildFile; fileRef = 55697913E9084FB2AE689B1A /* AFURLSessionManager.m */; };
		86A6F127846844AD8FCA69D1 /* CDVViewController+SplashScreen.m in Sources */ = {isa = PBXBuildFile; fileRef = A65C639937F94425854B3FF3 /* CDVViewController+SplashScreen.m */; };
		8718C1954E8C4DB78B9B0116 /* PushKit.framework in Frameworks */ = {isa = PBXBuildFile; fileRef = AB53FC86DFE14C98A814A3D9 /* PushKit.framework */; };
		8D285954E385468C9043CD72 /* SystemConfiguration.framework in Frameworks */ = {isa = PBXBuildFile; fileRef = D227783D1B5B42878CB4CF04 /* SystemConfiguration.framework */; };
		8ED9D54166D941D4B12F037D /* CoreBluetooth.framework in Frameworks */ = {isa = PBXBuildFile; fileRef = 292B6D7F23E94188819C1113 /* CoreBluetooth.framework */; };
		8F9D5F8FA9BC4DE892445E98 /* CDVLocationManager.m in Sources */ = {isa = PBXBuildFile; fileRef = E8D40A8541F74D259A84B6A6 /* CDVLocationManager.m */; };
		988855E75CD947E3BBBC0493 /* GoogleSymbolUtilities.framework in Frameworks */ = {isa = PBXBuildFile; fileRef = 486EFB8E1DE6450999C1917B /* GoogleSymbolUtilities.framework */; };
		9CC9070F1875489D9D2A29A6 /* GCDWebServerFileRequest.m in Sources */ = {isa = PBXBuildFile; fileRef = B0ED7493ACA44E079F03D24B /* GCDWebServerFileRequest.m */; };
		9FCAA6C4DCA84A73981ABEA7 /* CDVFile.m in Sources */ = {isa = PBXBuildFile; fileRef = D5466F453CDF4BB18DBED195 /* CDVFile.m */; };
		A191B6E4408140A58324417B /* AFSecurityPolicy.m in Sources */ = {isa = PBXBuildFile; fileRef = 52B997D68B7B40D3B18AE513 /* AFSecurityPolicy.m */; };
		A2F86D89DA38432488818CAC /* CordovaHttpPlugin.m in Sources */ = {isa = PBXBuildFile; fileRef = EBBCC2122CE04BC1B6BF5405 /* CordovaHttpPlugin.m */; };
		A36678CB237047FBAAAAB3EB /* libz.tbd in Frameworks */ = {isa = PBXBuildFile; fileRef = 515368DE701D4E06B869FD7A /* libz.tbd */; };
		A404F63308FF41939B0222E5 /* AppDelegate+CDVLocationManager.m in Sources */ = {isa = PBXBuildFile; fileRef = 074C969133DF4A4688ACC556 /* AppDelegate+CDVLocationManager.m */; };
		A6FE8791BEAC4EDB8C290D58 /* CDVStatusBar.m in Sources */ = {isa = PBXBuildFile; fileRef = 762DB3B6E1AC49BAAA986454 /* CDVStatusBar.m */; };
		AABA5BEDB3274FF88554DF25 /* LMLogger.m in Sources */ = {isa = PBXBuildFile; fileRef = 3C15A2D962624510AC09C4CE /* LMLogger.m */; };
		ADA8528FA2E04B03AF3ACC91 /* FirebaseMessaging.framework in Frameworks */ = {isa = PBXBuildFile; fileRef = 19C85DB015BB436EBF489570 /* FirebaseMessaging.framework */; };
		B11A99421A164BCBB28F5AA0 /* libsqlite3.0.tbd in Frameworks */ = {isa = PBXBuildFile; fileRef = F78B95B63766446885FEABFD /* libsqlite3.0.tbd */; };
		B19D3308F8F146DF988B4BE9 /* SQLitePlugin.m in Sources */ = {isa = PBXBuildFile; fileRef = 89BE8F605C3F42F2933ED16F /* SQLitePlugin.m */; };
		B3429029FE77765880F1732F /* libPods-dm_testapp.a in Frameworks */ = {isa = PBXBuildFile; fileRef = 5D734387E29E59AB48222832 /* libPods-dm_testapp.a */; };
		B5BE27CFE01847DEAE111D43 /* TextRequestSerializer.m in Sources */ = {isa = PBXBuildFile; fileRef = 99D39A01352A40F2AD82D182 /* TextRequestSerializer.m */; };
		B6C0D326642D4311BBE39845 /* GCDWebServerMultiPartFormRequest.m in Sources */ = {isa = PBXBuildFile; fileRef = F1692E1606984913A4B9D189 /* GCDWebServerMultiPartFormRequest.m */; };
		B940A73299294E2180003D6C /* AddressBook.framework in Frameworks */ = {isa = PBXBuildFile; fileRef = A75EBC999B1648B1921CE024 /* AddressBook.framework */; };
		BA573DB6475D42218D570C63 /* SDNetworkActivityIndicator.m in Sources */ = {isa = PBXBuildFile; fileRef = E894CB58764842ADB840CA02 /* SDNetworkActivityIndicator.m */; };
		BFCFEAE794124C52B75F6C87 /* APPBackgroundMode.m in Sources */ = {isa = PBXBuildFile; fileRef = 717AC5FCE70943F0B33BB309 /* APPBackgroundMode.m */; };
		CA168521872C4C4A88DAB6C8 /* APPNotificationContent.m in Sources */ = {isa = PBXBuildFile; fileRef = 63670A5E774046278AFD1A9C /* APPNotificationContent.m */; };
		D21DAAE938024E879F848C09 /* AFURLRequestSerialization.m in Sources */ = {isa = PBXBuildFile; fileRef = 09F0AB73678D4C2CBC07E84B /* AFURLRequestSerialization.m */; };
		D39355278BA44E61B8B4839E /* GoogleInterchangeUtilities.framework in Frameworks */ = {isa = PBXBuildFile; fileRef = E3CC97A0AD96413D950CEFEC /* GoogleInterchangeUtilities.framework */; };
		D5E498312B6C4B81B93A8227 /* PushPlugin.m in Sources */ = {isa = PBXBuildFile; fileRef = C722057D75C34B918A6E56F2 /* PushPlugin.m */; };
		D9F3A3696DF94EE9969E560D /* CDVWKWebViewEngine.m in Sources */ = {isa = PBXBuildFile; fileRef = 54635E010F5C465C8F67D2FD /* CDVWKWebViewEngine.m */; };
		DA0DD0D0EDF041F7B1B0F1ED /* CDVLocalFilesystem.m in Sources */ = {isa = PBXBuildFile; fileRef = C76CAE43282746EE958DF540 /* CDVLocalFilesystem.m */; };
		E1487F261B4B415CA4A21BA5 /* APPMethodMagic.m in Sources */ = {isa = PBXBuildFile; fileRef = B73FD51D40574E1F84BF2F26 /* APPMethodMagic.m */; };
		E2CB6EA509794C63B8501270 /* UserNotifications.framework in Frameworks */ = {isa = PBXBuildFile; fileRef = C1C42FC1B82A46ADAB28E2B1 /* UserNotifications.framework */; };
		E3FD02E6FD644861AA598C45 /* GCDWebServerConnection.m in Sources */ = {isa = PBXBuildFile; fileRef = 8DF7BC5794CF4033B3941DC2 /* GCDWebServerConnection.m */; };
		E5C57815084047AC95183A25 /* UNUserNotificationCenter+APPLocalNotification.m in Sources */ = {isa = PBXBuildFile; fileRef = 17F9BC9FC31D4826A7C6D8F2 /* UNUserNotificationCenter+APPLocalNotification.m */; };
		E616AA87BEAB4184B3D4AFD7 /* APPNotificationOptions.m in Sources */ = {isa = PBXBuildFile; fileRef = 8BBCC4A1A89349A695649780 /* APPNotificationOptions.m */; };
		E645D5F2D9E74CC8AE182886 /* CDVAssetLibraryFilesystem.m in Sources */ = {isa = PBXBuildFile; fileRef = 1BB0AE67CBC94AA3831BCEC7 /* CDVAssetLibraryFilesystem.m */; };
		E6DB6BF3247A4742971FA2C9 /* CDVSplashScreen.m in Sources */ = {isa = PBXBuildFile; fileRef = 22893F04648040D491982382 /* CDVSplashScreen.m */; };
		E7AAA5C8C9DB4AB7921DE7E8 /* APPBadge.m in Sources */ = {isa = PBXBuildFile; fileRef = BE343D45D72042FA933810FC /* APPBadge.m */; };
		E7B12C0DE294451BB4E0273F /* Security.framework in Frameworks */ = {isa = PBXBuildFile; fileRef = C4D5DF150B514E468E99E415 /* Security.framework */; };
		E7DC247F31AA4616942B8E82 /* GoogleUtilities.framework in Frameworks */ = {isa = PBXBuildFile; fileRef = 6D6A9D26A07048AF969A9018 /* GoogleUtilities.framework */; };
		EFCB64F7D4D1467EAC8E1FFE /* GoogleService-Info.plist in Resources */ = {isa = PBXBuildFile; fileRef = 6946973EF89B47318B6080FE /* GoogleService-Info.plist */; };
		F1B5B6F2B985497E8E2B714C /* GCDWebServerRequest.m in Sources */ = {isa = PBXBuildFile; fileRef = 717289C207324D7BB4299F35 /* GCDWebServerRequest.m */; };
		F55FAF561F524319BDB762C2 /* GoogleIPhoneUtilities.framework in Frameworks */ = {isa = PBXBuildFile; fileRef = C335401F19F44DED92AC2BF8 /* GoogleIPhoneUtilities.framework */; };
		FC31565955214382907CE49B /* FirebaseInstanceID.framework in Frameworks */ = {isa = PBXBuildFile; fileRef = 014A9A90017C432A85B4C5B1 /* FirebaseInstanceID.framework */; };
		FCA7E014399542E1933C3B1B /* AppDelegate+FCMPlugin.m in Sources */ = {isa = PBXBuildFile; fileRef = D275602163F74F938CBB200E /* AppDelegate+FCMPlugin.m */; };
		FEB541356FFA42DEB850903C /* FirebaseAnalytics.framework in Frameworks */ = {isa = PBXBuildFile; fileRef = 4F39F6051E4D4E21AABE9CC1 /* FirebaseAnalytics.framework */; };
/* End PBXBuildFile section */

/* Begin PBXContainerItemProxy section */
		188D52E52224BDC80009AB7F /* PBXContainerItemProxy */ = {
			isa = PBXContainerItemProxy;
			containerPortal = 301BF52D109A57CC0062928A /* CordovaLib/CordovaLib.xcodeproj */;
			proxyType = 2;
			remoteGlobalIDString = C0C01EB21E3911D50056E6CB;
			remoteInfo = Cordova;
		};
		301BF534109A57CC0062928A /* PBXContainerItemProxy */ = {
			isa = PBXContainerItemProxy;
			containerPortal = 301BF52D109A57CC0062928A /* CordovaLib/CordovaLib.xcodeproj */;
			proxyType = 2;
			remoteGlobalIDString = D2AAC07E0554694100DB518D;
			remoteInfo = CordovaLib;
		};
		301BF550109A68C00062928A /* PBXContainerItemProxy */ = {
			isa = PBXContainerItemProxy;
			containerPortal = 301BF52D109A57CC0062928A /* CordovaLib/CordovaLib.xcodeproj */;
			proxyType = 1;
			remoteGlobalIDString = D2AAC07D0554694100DB518D;
			remoteInfo = CordovaLib;
		};
/* End PBXContainerItemProxy section */

/* Begin PBXFileReference section */
		0143673109F74B5AA7BA8ED4 /* GCDWebServerFileResponse.h */ = {isa = PBXFileReference; explicitFileType = undefined; fileEncoding = 4; includeInIndex = 0; lastKnownFileType = sourcecode.c.h; name = GCDWebServerFileResponse.h; path = "cordova-plugin-ionic-webview/GCDWebServerFileResponse.h"; sourceTree = "<group>"; };
		014A9A90017C432A85B4C5B1 /* FirebaseInstanceID.framework */ = {isa = PBXFileReference; explicitFileType = undefined; fileEncoding = 9; includeInIndex = 0; lastKnownFileType = wrapper.framework; name = FirebaseInstanceID.framework; path = "dm_testapp/Plugins/cordova-plugin-fcm-with-dependecy-updated/FirebaseInstanceID.framework"; sourceTree = "<group>"; };
		0207DA571B56EA530066E2B4 /* Images.xcassets */ = {isa = PBXFileReference; lastKnownFileType = folder.assetcatalog; name = Images.xcassets; path = dm_testapp/Images.xcassets; sourceTree = SOURCE_ROOT; };
		04F3698FEE584FE9AB1C903F /* CDVWKWebViewEngine.h */ = {isa = PBXFileReference; explicitFileType = undefined; fileEncoding = 4; includeInIndex = 0; lastKnownFileType = sourcecode.c.h; name = CDVWKWebViewEngine.h; path = "cordova-plugin-ionic-webview/CDVWKWebViewEngine.h"; sourceTree = "<group>"; };
		074C969133DF4A4688ACC556 /* AppDelegate+CDVLocationManager.m */ = {isa = PBXFileReference; explicitFileType = undefined; fileEncoding = 4; includeInIndex = 0; lastKnownFileType = sourcecode.c.objc; name = "AppDelegate+CDVLocationManager.m"; path = "com.unarin.cordova.beacon/AppDelegate+CDVLocationManager.m"; sourceTree = "<group>"; };
		0767C4DC116843A1BBD9EB3C /* CDVFile.h */ = {isa = PBXFileReference; explicitFileType = undefined; fileEncoding = 4; includeInIndex = 0; lastKnownFileType = sourcecode.c.h; name = CDVFile.h; path = "cordova-plugin-file/CDVFile.h"; sourceTree = "<group>"; };
		088B0CB16EEB47E9B0E54D74 /* AFHTTPSessionManager.h */ = {isa = PBXFileReference; explicitFileType = undefined; fileEncoding = 4; includeInIndex = 0; lastKnownFileType = sourcecode.c.h; name = AFHTTPSessionManager.h; path = "cordova-plugin-advanced-http/AFHTTPSessionManager.h"; sourceTree = "<group>"; };
		09F0AB73678D4C2CBC07E84B /* AFURLRequestSerialization.m */ = {isa = PBXFileReference; explicitFileType = undefined; fileEncoding = 4; includeInIndex = 0; lastKnownFileType = sourcecode.c.objc; name = AFURLRequestSerialization.m; path = "cordova-plugin-advanced-http/AFURLRequestSerialization.m"; sourceTree = "<group>"; };
		0ACAC736911D4BA190EF4BA2 /* GCDWebServerFileRequest.h */ = {isa = PBXFileReference; explicitFileType = undefined; fileEncoding = 4; includeInIndex = 0; lastKnownFileType = sourcecode.c.h; name = GCDWebServerFileRequest.h; path = "cordova-plugin-ionic-webview/GCDWebServerFileRequest.h"; sourceTree = "<group>"; };
		0D0D913E896C4430BFF991B8 /* TextResponseSerializer.m */ = {isa = PBXFileReference; explicitFileType = undefined; fileEncoding = 4; includeInIndex = 0; lastKnownFileType = sourcecode.c.objc; name = TextResponseSerializer.m; path = "cordova-plugin-advanced-http/TextResponseSerializer.m"; sourceTree = "<group>"; };
		0E9304FD667E450AB298929A /* CDVStatusBar.h */ = {isa = PBXFileReference; explicitFileType = undefined; fileEncoding = 4; includeInIndex = 0; lastKnownFileType = sourcecode.c.h; name = CDVStatusBar.h; path = "cordova-plugin-statusbar/CDVStatusBar.h"; sourceTree = "<group>"; };
		1408883B3DD74ABAA8E8D3F3 /* GCDWebServer.h */ = {isa = PBXFileReference; explicitFileType = undefined; fileEncoding = 4; includeInIndex = 0; lastKnownFileType = sourcecode.c.h; name = GCDWebServer.h; path = "cordova-plugin-ionic-webview/GCDWebServer.h"; sourceTree = "<group>"; };
		1626D1A665A84BA7AF7BB7EF /* APPLocalNotification.m */ = {isa = PBXFileReference; explicitFileType = undefined; fileEncoding = 4; includeInIndex = 0; lastKnownFileType = sourcecode.c.objc; name = APPLocalNotification.m; path = "cordova-plugin-local-notification/APPLocalNotification.m"; sourceTree = "<group>"; };
		17F9BC9FC31D4826A7C6D8F2 /* UNUserNotificationCenter+APPLocalNotification.m */ = {isa = PBXFileReference; explicitFileType = undefined; fileEncoding = 4; includeInIndex = 0; lastKnownFileType = sourcecode.c.objc; name = "UNUserNotificationCenter+APPLocalNotification.m"; path = "cordova-plugin-local-notification/UNUserNotificationCenter+APPLocalNotification.m"; sourceTree = "<group>"; };
		196CB8C8970D4001A3D02DA1 /* CDVAssetLibraryFilesystem.h */ = {isa = PBXFileReference; explicitFileType = undefined; fileEncoding = 4; includeInIndex = 0; lastKnownFileType = sourcecode.c.h; name = CDVAssetLibraryFilesystem.h; path = "cordova-plugin-file/CDVAssetLibraryFilesystem.h"; sourceTree = "<group>"; };
		19C85DB015BB436EBF489570 /* FirebaseMessaging.framework */ = {isa = PBXFileReference; explicitFileType = undefined; fileEncoding = 9; includeInIndex = 0; lastKnownFileType = wrapper.framework; name = FirebaseMessaging.framework; path = "dm_testapp/Plugins/cordova-plugin-fcm-with-dependecy-updated/FirebaseMessaging.framework"; sourceTree = "<group>"; };
		1B6BC4069D3243408F3149F3 /* GCDWebServer.m */ = {isa = PBXFileReference; explicitFileType = undefined; fileEncoding = 4; includeInIndex = 0; lastKnownFileType = sourcecode.c.objc; name = GCDWebServer.m; path = "cordova-plugin-ionic-webview/GCDWebServer.m"; sourceTree = "<group>"; };
		1BB0AE67CBC94AA3831BCEC7 /* CDVAssetLibraryFilesystem.m */ = {isa = PBXFileReference; explicitFileType = undefined; fileEncoding = 4; includeInIndex = 0; lastKnownFileType = sourcecode.c.objc; name = CDVAssetLibraryFilesystem.m; path = "cordova-plugin-file/CDVAssetLibraryFilesystem.m"; sourceTree = "<group>"; };
		1C65BAA7CB1D468290F75819 /* FirebaseCore.framework */ = {isa = PBXFileReference; explicitFileType = undefined; fileEncoding = 9; includeInIndex = 0; lastKnownFileType = wrapper.framework; name = FirebaseCore.framework; path = "dm_testapp/Plugins/cordova-plugin-fcm-with-dependecy-updated/FirebaseCore.framework"; sourceTree = "<group>"; };
		1D3623240D0F684500981E51 /* AppDelegate.h */ = {isa = PBXFileReference; fileEncoding = 4; lastKnownFileType = sourcecode.c.h; path = AppDelegate.h; sourceTree = "<group>"; };
		1D3623250D0F684500981E51 /* AppDelegate.m */ = {isa = PBXFileReference; fileEncoding = 4; lastKnownFileType = sourcecode.c.objc; path = AppDelegate.m; sourceTree = "<group>"; };
		1D6058910D05DD3D006BFB54 /* dm_testapp.app */ = {isa = PBXFileReference; explicitFileType = wrapper.application; includeInIndex = 0; path = dm_testapp.app; sourceTree = BUILT_PRODUCTS_DIR; };
		1E101876A4F2436790377ADF /* CFCallNumber.m */ = {isa = PBXFileReference; explicitFileType = undefined; fileEncoding = 4; includeInIndex = 0; lastKnownFileType = sourcecode.c.objc; name = CFCallNumber.m; path = "call-number/CFCallNumber.m"; sourceTree = "<group>"; };
		21FCC89893984E429EEE064D /* CDVIonicKeyboard.m */ = {isa = PBXFileReference; explicitFileType = undefined; fileEncoding = 4; includeInIndex = 0; lastKnownFileType = sourcecode.c.objc; name = CDVIonicKeyboard.m; path = "cordova-plugin-ionic-keyboard/CDVIonicKeyboard.m"; sourceTree = "<group>"; };
		22893F04648040D491982382 /* CDVSplashScreen.m */ = {isa = PBXFileReference; explicitFileType = undefined; fileEncoding = 4; includeInIndex = 0; lastKnownFileType = sourcecode.c.objc; name = CDVSplashScreen.m; path = "cordova-plugin-splashscreen/CDVSplashScreen.m"; sourceTree = "<group>"; };
		2326443C84E44032BBB02AB9 /* AppDelegate+notification.m */ = {isa = PBXFileReference; explicitFileType = undefined; fileEncoding = 4; includeInIndex = 0; lastKnownFileType = sourcecode.c.objc; name = "AppDelegate+notification.m"; path = "phonegap-plugin-push/AppDelegate+notification.m"; sourceTree = "<group>"; };
		24B7C4E486604D2BA081D075 /* AFURLRequestSerialization.h */ = {isa = PBXFileReference; explicitFileType = undefined; fileEncoding = 4; includeInIndex = 0; lastKnownFileType = sourcecode.c.h; name = AFURLRequestSerialization.h; path = "cordova-plugin-advanced-http/AFURLRequestSerialization.h"; sourceTree = "<group>"; };
		257934A019AA450C9596E0A6 /* APPLocalNotification.h */ = {isa = PBXFileReference; explicitFileType = undefined; fileEncoding = 4; includeInIndex = 0; lastKnownFileType = sourcecode.c.h; name = APPLocalNotification.h; path = "cordova-plugin-local-notification/APPLocalNotification.h"; sourceTree = "<group>"; };
		257DC5B9057E4ABD8B5DBA3B /* UNNotificationRequest+APPLocalNotification.h */ = {isa = PBXFileReference; explicitFileType = undefined; fileEncoding = 4; includeInIndex = 0; lastKnownFileType = sourcecode.c.h; name = "UNNotificationRequest+APPLocalNotification.h"; path = "cordova-plugin-local-notification/UNNotificationRequest+APPLocalNotification.h"; sourceTree = "<group>"; };
		257DF57600E5462BAA2C9F31 /* CDVUniqueDeviceID.h */ = {isa = PBXFileReference; explicitFileType = undefined; fileEncoding = 4; includeInIndex = 0; lastKnownFileType = sourcecode.c.h; name = CDVUniqueDeviceID.h; path = "cordova-plugin-uniquedeviceid/CDVUniqueDeviceID.h"; sourceTree = "<group>"; };
		27832D33341E4511B10DE02A /* GCDWebServerURLEncodedFormRequest.m */ = {isa = PBXFileReference; explicitFileType = undefined; fileEncoding = 4; includeInIndex = 0; lastKnownFileType = sourcecode.c.objc; name = GCDWebServerURLEncodedFormRequest.m; path = "cordova-plugin-ionic-webview/GCDWebServerURLEncodedFormRequest.m"; sourceTree = "<group>"; };
		292B6D7F23E94188819C1113 /* CoreBluetooth.framework */ = {isa = PBXFileReference; explicitFileType = undefined; fileEncoding = 9; includeInIndex = 0; lastKnownFileType = wrapper.framework; name = CoreBluetooth.framework; path = System/Library/Frameworks/CoreBluetooth.framework; sourceTree = SDKROOT; };
		29B97316FDCFA39411CA2CEA /* main.m */ = {isa = PBXFileReference; fileEncoding = 4; lastKnownFileType = sourcecode.c.objc; path = main.m; sourceTree = "<group>"; };
		2A1256E8995446259B573ACA /* UNNotificationRequest+APPLocalNotification.m */ = {isa = PBXFileReference; explicitFileType = undefined; fileEncoding = 4; includeInIndex = 0; lastKnownFileType = sourcecode.c.objc; name = "UNNotificationRequest+APPLocalNotification.m"; path = "cordova-plugin-local-notification/UNNotificationRequest+APPLocalNotification.m"; sourceTree = "<group>"; };
		301BF52D109A57CC0062928A /* CordovaLib/CordovaLib.xcodeproj */ = {isa = PBXFileReference; lastKnownFileType = "wrapper.pb-project"; path = CordovaLib/CordovaLib.xcodeproj; sourceTree = "<group>"; };
		301BF56E109A69640062928A /* www */ = {isa = PBXFileReference; lastKnownFileType = folder; path = www; sourceTree = SOURCE_ROOT; };
		302D95EE14D2391D003F00A1 /* MainViewController.h */ = {isa = PBXFileReference; fileEncoding = 4; lastKnownFileType = sourcecode.c.h; path = MainViewController.h; sourceTree = "<group>"; };
		302D95EF14D2391D003F00A1 /* MainViewController.m */ = {isa = PBXFileReference; fileEncoding = 4; lastKnownFileType = sourcecode.c.objc; path = MainViewController.m; sourceTree = "<group>"; };
		302D95F014D2391D003F00A1 /* MainViewController.xib */ = {isa = PBXFileReference; fileEncoding = 4; lastKnownFileType = file.xib; path = MainViewController.xib; sourceTree = "<group>"; };
		3047A50F1AB8059700498E2A /* build-debug.xcconfig */ = {isa = PBXFileReference; fileEncoding = 4; lastKnownFileType = text.xcconfig; name = "build-debug.xcconfig"; path = "cordova/build-debug.xcconfig"; sourceTree = SOURCE_ROOT; };
		3047A5101AB8059700498E2A /* build-release.xcconfig */ = {isa = PBXFileReference; fileEncoding = 4; lastKnownFileType = text.xcconfig; name = "build-release.xcconfig"; path = "cordova/build-release.xcconfig"; sourceTree = SOURCE_ROOT; };
		3047A5111AB8059700498E2A /* build.xcconfig */ = {isa = PBXFileReference; fileEncoding = 4; lastKnownFileType = text.xcconfig; name = build.xcconfig; path = cordova/build.xcconfig; sourceTree = SOURCE_ROOT; };
		308BBA036BBE488C8AB48C47 /* CDVIonicKeyboard.h */ = {isa = PBXFileReference; explicitFileType = undefined; fileEncoding = 4; includeInIndex = 0; lastKnownFileType = sourcecode.c.h; name = CDVIonicKeyboard.h; path = "cordova-plugin-ionic-keyboard/CDVIonicKeyboard.h"; sourceTree = "<group>"; };
		3223ED3BC219412E8C3DBA6A /* FCMPlugin.h */ = {isa = PBXFileReference; explicitFileType = undefined; fileEncoding = 4; includeInIndex = 0; lastKnownFileType = sourcecode.c.h; name = FCMPlugin.h; path = "cordova-plugin-fcm-with-dependecy-updated/FCMPlugin.h"; sourceTree = "<group>"; };
		32CA4F630368D1EE00C91783 /* dm_testapp-Prefix.pch */ = {isa = PBXFileReference; fileEncoding = 4; lastKnownFileType = sourcecode.c.h; path = "dm_testapp-Prefix.pch"; sourceTree = "<group>"; };
		33C2660ECAFB4990A6701D59 /* GCDWebServerDataRequest.m */ = {isa = PBXFileReference; explicitFileType = undefined; fileEncoding = 4; includeInIndex = 0; lastKnownFileType = sourcecode.c.objc; name = GCDWebServerDataRequest.m; path = "cordova-plugin-ionic-webview/GCDWebServerDataRequest.m"; sourceTree = "<group>"; };
		358BB130EA084B40B6D2B26E /* CDVDevice.m */ = {isa = PBXFileReference; explicitFileType = undefined; fileEncoding = 4; includeInIndex = 0; lastKnownFileType = sourcecode.c.objc; name = CDVDevice.m; path = "cordova-plugin-device/CDVDevice.m"; sourceTree = "<group>"; };
		378E585BA1244D8692AB06EA /* libc++.tbd */ = {isa = PBXFileReference; explicitFileType = undefined; fileEncoding = 9; includeInIndex = 0; lastKnownFileType = "sourcecode.text-based-dylib-definition"; name = "libc++.tbd"; path = "usr/lib/libc++.tbd"; sourceTree = SDKROOT; };
		3C15A2D962624510AC09C4CE /* LMLogger.m */ = {isa = PBXFileReference; explicitFileType = undefined; fileEncoding = 4; includeInIndex = 0; lastKnownFileType = sourcecode.c.objc; name = LMLogger.m; path = com.unarin.cordova.beacon/LMLogger.m; sourceTree = "<group>"; };
		3E147DA202004D5D9EACBB0E /* PSPDFThreadSafeMutableDictionary.m */ = {isa = PBXFileReference; explicitFileType = undefined; fileEncoding = 4; includeInIndex = 0; lastKnownFileType = sourcecode.c.objc; name = PSPDFThreadSafeMutableDictionary.m; path = "cordova-sqlite-storage/PSPDFThreadSafeMutableDictionary.m"; sourceTree = "<group>"; };
		41BEF733CDFF402CB3E0443D /* AFHTTPSessionManager.m */ = {isa = PBXFileReference; explicitFileType = undefined; fileEncoding = 4; includeInIndex = 0; lastKnownFileType = sourcecode.c.objc; name = AFHTTPSessionManager.m; path = "cordova-plugin-advanced-http/AFHTTPSessionManager.m"; sourceTree = "<group>"; };
		4483DD18CCD3468C9E9A9056 /* APPNotificationOptions.h */ = {isa = PBXFileReference; explicitFileType = undefined; fileEncoding = 4; includeInIndex = 0; lastKnownFileType = sourcecode.c.h; name = APPNotificationOptions.h; path = "cordova-plugin-local-notification/APPNotificationOptions.h"; sourceTree = "<group>"; };
		486EFB8E1DE6450999C1917B /* GoogleSymbolUtilities.framework */ = {isa = PBXFileReference; explicitFileType = undefined; fileEncoding = 9; includeInIndex = 0; lastKnownFileType = wrapper.framework; name = GoogleSymbolUtilities.framework; path = "dm_testapp/Plugins/cordova-plugin-fcm-with-dependecy-updated/GoogleSymbolUtilities.framework"; sourceTree = "<group>"; };
		497EEA74E8314BF386E33420 /* CDVViewController+SplashScreen.h */ = {isa = PBXFileReference; explicitFileType = undefined; fileEncoding = 4; includeInIndex = 0; lastKnownFileType = sourcecode.c.h; name = "CDVViewController+SplashScreen.h"; path = "cordova-plugin-splashscreen/CDVViewController+SplashScreen.h"; sourceTree = "<group>"; };
		4CD38F31ED404B2494AADD0D /* SDNetworkActivityIndicator.h */ = {isa = PBXFileReference; explicitFileType = undefined; fileEncoding = 4; includeInIndex = 0; lastKnownFileType = sourcecode.c.h; name = SDNetworkActivityIndicator.h; path = "cordova-plugin-advanced-http/SDNetworkActivityIndicator.h"; sourceTree = "<group>"; };
		4F39F6051E4D4E21AABE9CC1 /* FirebaseAnalytics.framework */ = {isa = PBXFileReference; explicitFileType = undefined; fileEncoding = 9; includeInIndex = 0; lastKnownFileType = wrapper.framework; name = FirebaseAnalytics.framework; path = "dm_testapp/Plugins/cordova-plugin-fcm-with-dependecy-updated/FirebaseAnalytics.framework"; sourceTree = "<group>"; };
		5052E383D50D4EF2BE6E04BF /* APPMethodMagic.h */ = {isa = PBXFileReference; explicitFileType = undefined; fileEncoding = 4; includeInIndex = 0; lastKnownFileType = sourcecode.c.h; name = APPMethodMagic.h; path = "cordova-plugin-background-mode/APPMethodMagic.h"; sourceTree = "<group>"; };
		50649022704348D8880D3AC1 /* GCDWebServerDataRequest.h */ = {isa = PBXFileReference; explicitFileType = undefined; fileEncoding = 4; includeInIndex = 0; lastKnownFileType = sourcecode.c.h; name = GCDWebServerDataRequest.h; path = "cordova-plugin-ionic-webview/GCDWebServerDataRequest.h"; sourceTree = "<group>"; };
		515368DE701D4E06B869FD7A /* libz.tbd */ = {isa = PBXFileReference; explicitFileType = undefined; fileEncoding = 9; includeInIndex = 0; lastKnownFileType = "sourcecode.text-based-dylib-definition"; name = libz.tbd; path = usr/lib/libz.tbd; sourceTree = SDKROOT; };
		52B997D68B7B40D3B18AE513 /* AFSecurityPolicy.m */ = {isa = PBXFileReference; explicitFileType = undefined; fileEncoding = 4; includeInIndex = 0; lastKnownFileType = sourcecode.c.objc; name = AFSecurityPolicy.m; path = "cordova-plugin-advanced-http/AFSecurityPolicy.m"; sourceTree = "<group>"; };
		53A7CF3F0F0B435F8FB9D167 /* AFNetworkReachabilityManager.m */ = {isa = PBXFileReference; explicitFileType = undefined; fileEncoding = 4; includeInIndex = 0; lastKnownFileType = sourcecode.c.objc; name = AFNetworkReachabilityManager.m; path = "cordova-plugin-advanced-http/AFNetworkReachabilityManager.m"; sourceTree = "<group>"; };
		54635E010F5C465C8F67D2FD /* CDVWKWebViewEngine.m */ = {isa = PBXFileReference; explicitFileType = undefined; fileEncoding = 4; includeInIndex = 0; lastKnownFileType = sourcecode.c.objc; name = CDVWKWebViewEngine.m; path = "cordova-plugin-ionic-webview/CDVWKWebViewEngine.m"; sourceTree = "<group>"; };
		55697913E9084FB2AE689B1A /* AFURLSessionManager.m */ = {isa = PBXFileReference; explicitFileType = undefined; fileEncoding = 4; includeInIndex = 0; lastKnownFileType = sourcecode.c.objc; name = AFURLSessionManager.m; path = "cordova-plugin-advanced-http/AFURLSessionManager.m"; sourceTree = "<group>"; };
		5697BB9746604974AD6645C0 /* CDVDevice.h */ = {isa = PBXFileReference; explicitFileType = undefined; fileEncoding = 4; includeInIndex = 0; lastKnownFileType = sourcecode.c.h; name = CDVDevice.h; path = "cordova-plugin-device/CDVDevice.h"; sourceTree = "<group>"; };
		5915CE336C25437785B356AD /* CoreLocation.framework */ = {isa = PBXFileReference; explicitFileType = undefined; fileEncoding = 9; includeInIndex = 0; lastKnownFileType = wrapper.framework; name = CoreLocation.framework; path = System/Library/Frameworks/CoreLocation.framework; sourceTree = SDKROOT; };
		5AA77EE0E44F47A5AFA21979 /* CDVLocationManager.h */ = {isa = PBXFileReference; explicitFileType = undefined; fileEncoding = 4; includeInIndex = 0; lastKnownFileType = sourcecode.c.h; name = CDVLocationManager.h; path = com.unarin.cordova.beacon/CDVLocationManager.h; sourceTree = "<group>"; };
		5D734387E29E59AB48222832 /* libPods-dm_testapp.a */ = {isa = PBXFileReference; explicitFileType = archive.ar; includeInIndex = 0; path = "libPods-dm_testapp.a"; sourceTree = BUILT_PRODUCTS_DIR; };
		63670A5E774046278AFD1A9C /* APPNotificationContent.m */ = {isa = PBXFileReference; explicitFileType = undefined; fileEncoding = 4; includeInIndex = 0; lastKnownFileType = sourcecode.c.objc; name = APPNotificationContent.m; path = "cordova-plugin-local-notification/APPNotificationContent.m"; sourceTree = "<group>"; };
		64AFA76E35654FF3A082507E /* GCDWebServerPrivate.h */ = {isa = PBXFileReference; explicitFileType = undefined; fileEncoding = 4; includeInIndex = 0; lastKnownFileType = sourcecode.c.h; name = GCDWebServerPrivate.h; path = "cordova-plugin-ionic-webview/GCDWebServerPrivate.h"; sourceTree = "<group>"; };
		65124E57D3BF41A7A87ADF89 /* TextRequestSerializer.h */ = {isa = PBXFileReference; explicitFileType = undefined; fileEncoding = 4; includeInIndex = 0; lastKnownFileType = sourcecode.c.h; name = TextRequestSerializer.h; path = "cordova-plugin-advanced-http/TextRequestSerializer.h"; sourceTree = "<group>"; };
		668A732EF9B54B93BFE87AB4 /* GCDWebServerFunctions.m */ = {isa = PBXFileReference; explicitFileType = undefined; fileEncoding = 4; includeInIndex = 0; lastKnownFileType = sourcecode.c.objc; name = GCDWebServerFunctions.m; path = "cordova-plugin-ionic-webview/GCDWebServerFunctions.m"; sourceTree = "<group>"; };
		6946973EF89B47318B6080FE /* GoogleService-Info.plist */ = {isa = PBXFileReference; explicitFileType = undefined; fileEncoding = 4; includeInIndex = 0; lastKnownFileType = text.plist.xml; name = "GoogleService-Info.plist"; path = "Resources/GoogleService-Info.plist"; sourceTree = "<group>"; };
		6AFF5BF81D6E424B00AB3073 /* CDVLaunchScreen.storyboard */ = {isa = PBXFileReference; fileEncoding = 4; lastKnownFileType = file.storyboard; name = CDVLaunchScreen.storyboard; path = dm_testapp/CDVLaunchScreen.storyboard; sourceTree = SOURCE_ROOT; };
		6D6A9D26A07048AF969A9018 /* GoogleUtilities.framework */ = {isa = PBXFileReference; explicitFileType = undefined; fileEncoding = 9; includeInIndex = 0; lastKnownFileType = wrapper.framework; name = GoogleUtilities.framework; path = "dm_testapp/Plugins/cordova-plugin-fcm-with-dependecy-updated/GoogleUtilities.framework"; sourceTree = "<group>"; };
		6DAA462431B646D18FDE74E3 /* UICKeyChainStore.m */ = {isa = PBXFileReference; explicitFileType = undefined; fileEncoding = 4; includeInIndex = 0; lastKnownFileType = sourcecode.c.objc; name = UICKeyChainStore.m; path = "cordova-plugin-uniquedeviceid/UICKeyChainStore.m"; sourceTree = "<group>"; };
		6F7B71A0CBF24EB3BB884562 /* GCDWebServerErrorResponse.m */ = {isa = PBXFileReference; explicitFileType = undefined; fileEncoding = 4; includeInIndex = 0; lastKnownFileType = sourcecode.c.objc; name = GCDWebServerErrorResponse.m; path = "cordova-plugin-ionic-webview/GCDWebServerErrorResponse.m"; sourceTree = "<group>"; };
		717289C207324D7BB4299F35 /* GCDWebServerRequest.m */ = {isa = PBXFileReference; explicitFileType = undefined; fileEncoding = 4; includeInIndex = 0; lastKnownFileType = sourcecode.c.objc; name = GCDWebServerRequest.m; path = "cordova-plugin-ionic-webview/GCDWebServerRequest.m"; sourceTree = "<group>"; };
		717AC5FCE70943F0B33BB309 /* APPBackgroundMode.m */ = {isa = PBXFileReference; explicitFileType = undefined; fileEncoding = 4; includeInIndex = 0; lastKnownFileType = sourcecode.c.objc; name = APPBackgroundMode.m; path = "cordova-plugin-background-mode/APPBackgroundMode.m"; sourceTree = "<group>"; };
		7203D65627824BC8829BDB0B /* CDVWKWebViewUIDelegate.h */ = {isa = PBXFileReference; explicitFileType = undefined; fileEncoding = 4; includeInIndex = 0; lastKnownFileType = sourcecode.c.h; name = CDVWKWebViewUIDelegate.h; path = "cordova-plugin-ionic-webview/CDVWKWebViewUIDelegate.h"; sourceTree = "<group>"; };
		72FDE7DFB2B74DEBAAC5FAEF /* GCDWebServerHTTPStatusCodes.h */ = {isa = PBXFileReference; explicitFileType = undefined; fileEncoding = 4; includeInIndex = 0; lastKnownFileType = sourcecode.c.h; name = GCDWebServerHTTPStatusCodes.h; path = "cordova-plugin-ionic-webview/GCDWebServerHTTPStatusCodes.h"; sourceTree = "<group>"; };
		762DB3B6E1AC49BAAA986454 /* CDVStatusBar.m */ = {isa = PBXFileReference; explicitFileType = undefined; fileEncoding = 4; includeInIndex = 0; lastKnownFileType = sourcecode.c.objc; name = CDVStatusBar.m; path = "cordova-plugin-statusbar/CDVStatusBar.m"; sourceTree = "<group>"; };
		767131BC4E364F7790004D9F /* AFURLResponseSerialization.h */ = {isa = PBXFileReference; explicitFileType = undefined; fileEncoding = 4; includeInIndex = 0; lastKnownFileType = sourcecode.c.h; name = AFURLResponseSerialization.h; path = "cordova-plugin-advanced-http/AFURLResponseSerialization.h"; sourceTree = "<group>"; };
		7EBE2FFD7AA345D084B0BAC0 /* UICKeyChainStore.h */ = {isa = PBXFileReference; explicitFileType = undefined; fileEncoding = 4; includeInIndex = 0; lastKnownFileType = sourcecode.c.h; name = UICKeyChainStore.h; path = "cordova-plugin-uniquedeviceid/UICKeyChainStore.h"; sourceTree = "<group>"; };
		7F393337A8364D878EF6635E /* GCDWebServerURLEncodedFormRequest.h */ = {isa = PBXFileReference; explicitFileType = undefined; fileEncoding = 4; includeInIndex = 0; lastKnownFileType = sourcecode.c.h; name = GCDWebServerURLEncodedFormRequest.h; path = "cordova-plugin-ionic-webview/GCDWebServerURLEncodedFormRequest.h"; sourceTree = "<group>"; };
		8383FA68DD9A431995A52F3A /* AFURLResponseSerialization.m */ = {isa = PBXFileReference; explicitFileType = undefined; fileEncoding = 4; includeInIndex = 0; lastKnownFileType = sourcecode.c.objc; name = AFURLResponseSerialization.m; path = "cordova-plugin-advanced-http/AFURLResponseSerialization.m"; sourceTree = "<group>"; };
		8536C41BCB8945068ECD3665 /* CDVSplashScreen.h */ = {isa = PBXFileReference; explicitFileType = undefined; fileEncoding = 4; includeInIndex = 0; lastKnownFileType = sourcecode.c.h; name = CDVSplashScreen.h; path = "cordova-plugin-splashscreen/CDVSplashScreen.h"; sourceTree = "<group>"; };
		886C3EFEFC9F4A7C81C2A0B0 /* AFNetworking.h */ = {isa = PBXFileReference; explicitFileType = undefined; fileEncoding = 4; includeInIndex = 0; lastKnownFileType = sourcecode.c.h; name = AFNetworking.h; path = "cordova-plugin-advanced-http/AFNetworking.h"; sourceTree = "<group>"; };
		89BE8F605C3F42F2933ED16F /* SQLitePlugin.m */ = {isa = PBXFileReference; explicitFileType = undefined; fileEncoding = 4; includeInIndex = 0; lastKnownFileType = sourcecode.c.objc; name = SQLitePlugin.m; path = "cordova-sqlite-storage/SQLitePlugin.m"; sourceTree = "<group>"; };
		89D221461AE1486C9A517753 /* AFURLSessionManager.h */ = {isa = PBXFileReference; explicitFileType = undefined; fileEncoding = 4; includeInIndex = 0; lastKnownFileType = sourcecode.c.h; name = AFURLSessionManager.h; path = "cordova-plugin-advanced-http/AFURLSessionManager.h"; sourceTree = "<group>"; };
		8BBCC4A1A89349A695649780 /* APPNotificationOptions.m */ = {isa = PBXFileReference; explicitFileType = undefined; fileEncoding = 4; includeInIndex = 0; lastKnownFileType = sourcecode.c.objc; name = APPNotificationOptions.m; path = "cordova-plugin-local-notification/APPNotificationOptions.m"; sourceTree = "<group>"; };
		8D1107310486CEB800E47090 /* dm_testapp-Info.plist */ = {isa = PBXFileReference; fileEncoding = 4; lastKnownFileType = text.plist.xml; name = "dm_testapp-Info.plist"; path = "dm_testapp/dm_testapp-Info.plist"; plistStructureDefinitionIdentifier = "com.apple.xcode.plist.structure-definition.iphone.info-plist"; sourceTree = SOURCE_ROOT; };
		8DF7BC5794CF4033B3941DC2 /* GCDWebServerConnection.m */ = {isa = PBXFileReference; explicitFileType = undefined; fileEncoding = 4; includeInIndex = 0; lastKnownFileType = sourcecode.c.objc; name = GCDWebServerConnection.m; path = "cordova-plugin-ionic-webview/GCDWebServerConnection.m"; sourceTree = "<group>"; };
		91D739A8BAA940B7BC4D5630 /* SQLitePlugin.h */ = {isa = PBXFileReference; explicitFileType = undefined; fileEncoding = 4; includeInIndex = 0; lastKnownFileType = sourcecode.c.h; name = SQLitePlugin.h; path = "cordova-sqlite-storage/SQLitePlugin.h"; sourceTree = "<group>"; };
		92A6FE4714934F7F9FF951B1 /* CDVLocation.h */ = {isa = PBXFileReference; explicitFileType = undefined; fileEncoding = 4; includeInIndex = 0; lastKnownFileType = sourcecode.c.h; name = CDVLocation.h; path = "cordova-plugin-geolocation/CDVLocation.h"; sourceTree = "<group>"; };
		9322A1DC7BC84B60BEBE83CE /* GCDWebServerResponse.h */ = {isa = PBXFileReference; explicitFileType = undefined; fileEncoding = 4; includeInIndex = 0; lastKnownFileType = sourcecode.c.h; name = GCDWebServerResponse.h; path = "cordova-plugin-ionic-webview/GCDWebServerResponse.h"; sourceTree = "<group>"; };
		93C8BDFF5F1740548F6E20F7 /* PushPlugin.h */ = {isa = PBXFileReference; explicitFileType = undefined; fileEncoding = 4; includeInIndex = 0; lastKnownFileType = sourcecode.c.h; name = PushPlugin.h; path = "phonegap-plugin-push/PushPlugin.h"; sourceTree = "<group>"; };
		94F8C984931F4E75AD845167 /* APPNotificationContent.h */ = {isa = PBXFileReference; explicitFileType = undefined; fileEncoding = 4; includeInIndex = 0; lastKnownFileType = sourcecode.c.h; name = APPNotificationContent.h; path = "cordova-plugin-local-notification/APPNotificationContent.h"; sourceTree = "<group>"; };
		966FED4E87F84C55BEE06691 /* AppDelegate+FCMPlugin.h */ = {isa = PBXFileReference; explicitFileType = undefined; fileEncoding = 4; includeInIndex = 0; lastKnownFileType = sourcecode.c.h; name = "AppDelegate+FCMPlugin.h"; path = "cordova-plugin-fcm-with-dependecy-updated/AppDelegate+FCMPlugin.h"; sourceTree = "<group>"; };
		969C4C57FBF246789ED36A90 /* LMLogger.h */ = {isa = PBXFileReference; explicitFileType = undefined; fileEncoding = 4; includeInIndex = 0; lastKnownFileType = sourcecode.c.h; name = LMLogger.h; path = com.unarin.cordova.beacon/LMLogger.h; sourceTree = "<group>"; };
		96EE4674E9DF4626A2A7E240 /* CDVWKProcessPoolFactory.m */ = {isa = PBXFileReference; explicitFileType = undefined; fileEncoding = 4; includeInIndex = 0; lastKnownFileType = sourcecode.c.objc; name = CDVWKProcessPoolFactory.m; path = "cordova-plugin-ionic-webview/CDVWKProcessPoolFactory.m"; sourceTree = "<group>"; };
		99D39A01352A40F2AD82D182 /* TextRequestSerializer.m */ = {isa = PBXFileReference; explicitFileType = undefined; fileEncoding = 4; includeInIndex = 0; lastKnownFileType = sourcecode.c.objc; name = TextRequestSerializer.m; path = "cordova-plugin-advanced-http/TextRequestSerializer.m"; sourceTree = "<group>"; };
		9A32737C39BF49A4A932FAE5 /* GCDWebServerDataResponse.h */ = {isa = PBXFileReference; explicitFileType = undefined; fileEncoding = 4; includeInIndex = 0; lastKnownFileType = sourcecode.c.h; name = GCDWebServerDataResponse.h; path = "cordova-plugin-ionic-webview/GCDWebServerDataResponse.h"; sourceTree = "<group>"; };
		9E99F7B9F1BB43649351940B /* AppDelegate+CDVLocationManager.h */ = {isa = PBXFileReference; explicitFileType = undefined; fileEncoding = 4; includeInIndex = 0; lastKnownFileType = sourcecode.c.h; name = "AppDelegate+CDVLocationManager.h"; path = "com.unarin.cordova.beacon/AppDelegate+CDVLocationManager.h"; sourceTree = "<group>"; };
		9F988CFC1C644AEBB882A7FF /* AppDelegate+notification.h */ = {isa = PBXFileReference; explicitFileType = undefined; fileEncoding = 4; includeInIndex = 0; lastKnownFileType = sourcecode.c.h; name = "AppDelegate+notification.h"; path = "phonegap-plugin-push/AppDelegate+notification.h"; sourceTree = "<group>"; };
		A086343C2B534116A4D21D44 /* GCDWebServerFileResponse.m */ = {isa = PBXFileReference; explicitFileType = undefined; fileEncoding = 4; includeInIndex = 0; lastKnownFileType = sourcecode.c.objc; name = GCDWebServerFileResponse.m; path = "cordova-plugin-ionic-webview/GCDWebServerFileResponse.m"; sourceTree = "<group>"; };
		A51DB3EE71304958A4111430 /* GCDWebServerResponse.m */ = {isa = PBXFileReference; explicitFileType = undefined; fileEncoding = 4; includeInIndex = 0; lastKnownFileType = sourcecode.c.objc; name = GCDWebServerResponse.m; path = "cordova-plugin-ionic-webview/GCDWebServerResponse.m"; sourceTree = "<group>"; };
		A569BB2F901D485BAFD7B389 /* PSPDFThreadSafeMutableDictionary.h */ = {isa = PBXFileReference; explicitFileType = undefined; fileEncoding = 4; includeInIndex = 0; lastKnownFileType = sourcecode.c.h; name = PSPDFThreadSafeMutableDictionary.h; path = "cordova-sqlite-storage/PSPDFThreadSafeMutableDictionary.h"; sourceTree = "<group>"; };
		A65C639937F94425854B3FF3 /* CDVViewController+SplashScreen.m */ = {isa = PBXFileReference; explicitFileType = undefined; fileEncoding = 4; includeInIndex = 0; lastKnownFileType = sourcecode.c.objc; name = "CDVViewController+SplashScreen.m"; path = "cordova-plugin-splashscreen/CDVViewController+SplashScreen.m"; sourceTree = "<group>"; };
		A75EBC999B1648B1921CE024 /* AddressBook.framework */ = {isa = PBXFileReference; explicitFileType = undefined; fileEncoding = 9; includeInIndex = 0; lastKnownFileType = wrapper.framework; name = AddressBook.framework; path = System/Library/Frameworks/AddressBook.framework; sourceTree = SDKROOT; };
		A92640FD0D184C7EB68D90C6 /* CDVUniqueDeviceID.m */ = {isa = PBXFileReference; explicitFileType = undefined; fileEncoding = 4; includeInIndex = 0; lastKnownFileType = sourcecode.c.objc; name = CDVUniqueDeviceID.m; path = "cordova-plugin-uniquedeviceid/CDVUniqueDeviceID.m"; sourceTree = "<group>"; };
		AB53FC86DFE14C98A814A3D9 /* PushKit.framework */ = {isa = PBXFileReference; explicitFileType = undefined; fileEncoding = 9; includeInIndex = 0; lastKnownFileType = wrapper.framework; name = PushKit.framework; path = System/Library/Frameworks/PushKit.framework; sourceTree = SDKROOT; };
		AD01B81A97F04618879F57AC /* AFNetworkReachabilityManager.h */ = {isa = PBXFileReference; explicitFileType = undefined; fileEncoding = 4; includeInIndex = 0; lastKnownFileType = sourcecode.c.h; name = AFNetworkReachabilityManager.h; path = "cordova-plugin-advanced-http/AFNetworkReachabilityManager.h"; sourceTree = "<group>"; };
		AF16E4CC6FA74CC889A60897 /* sqlite3.c */ = {isa = PBXFileReference; explicitFileType = undefined; fileEncoding = 9; includeInIndex = 0; lastKnownFileType = unknown; name = sqlite3.c; path = "cordova-sqlite-storage/sqlite3.c"; sourceTree = "<group>"; };
		B0ED7493ACA44E079F03D24B /* GCDWebServerFileRequest.m */ = {isa = PBXFileReference; explicitFileType = undefined; fileEncoding = 4; includeInIndex = 0; lastKnownFileType = sourcecode.c.objc; name = GCDWebServerFileRequest.m; path = "cordova-plugin-ionic-webview/GCDWebServerFileRequest.m"; sourceTree = "<group>"; };
		B302C684C1E2440DA1E3A9A9 /* GCDWebServerFunctions.h */ = {isa = PBXFileReference; explicitFileType = undefined; fileEncoding = 4; includeInIndex = 0; lastKnownFileType = sourcecode.c.h; name = GCDWebServerFunctions.h; path = "cordova-plugin-ionic-webview/GCDWebServerFunctions.h"; sourceTree = "<group>"; };
		B71A694816AF454D927C1790 /* IONAssetHandler.h */ = {isa = PBXFileReference; explicitFileType = undefined; fileEncoding = 4; includeInIndex = 0; lastKnownFileType = sourcecode.c.h; name = IONAssetHandler.h; path = "cordova-plugin-ionic-webview/IONAssetHandler.h"; sourceTree = "<group>"; };
		B73FD51D40574E1F84BF2F26 /* APPMethodMagic.m */ = {isa = PBXFileReference; explicitFileType = undefined; fileEncoding = 4; includeInIndex = 0; lastKnownFileType = sourcecode.c.objc; name = APPMethodMagic.m; path = "cordova-plugin-background-mode/APPMethodMagic.m"; sourceTree = "<group>"; };
		BC08B5A88FC441F682EF4DA4 /* appbeep.wav */ = {isa = PBXFileReference; explicitFileType = undefined; fileEncoding = 9; includeInIndex = 0; lastKnownFileType = unknown; path = appbeep.wav; sourceTree = "<group>"; };
		BE343D45D72042FA933810FC /* APPBadge.m */ = {isa = PBXFileReference; explicitFileType = undefined; fileEncoding = 4; includeInIndex = 0; lastKnownFileType = sourcecode.c.objc; name = APPBadge.m; path = "cordova-plugin-badge/APPBadge.m"; sourceTree = "<group>"; };
		C1930EC7FAB04175BC26F274 /* WebKit.framework */ = {isa = PBXFileReference; explicitFileType = undefined; fileEncoding = 9; includeInIndex = 0; lastKnownFileType = wrapper.framework; name = WebKit.framework; path = System/Library/Frameworks/WebKit.framework; sourceTree = SDKROOT; };
		C1C42FC1B82A46ADAB28E2B1 /* UserNotifications.framework */ = {isa = PBXFileReference; explicitFileType = undefined; fileEncoding = 9; includeInIndex = 0; lastKnownFileType = wrapper.framework; name = UserNotifications.framework; path = System/Library/Frameworks/UserNotifications.framework; sourceTree = SDKROOT; };
		C335401F19F44DED92AC2BF8 /* GoogleIPhoneUtilities.framework */ = {isa = PBXFileReference; explicitFileType = undefined; fileEncoding = 9; includeInIndex = 0; lastKnownFileType = wrapper.framework; name = GoogleIPhoneUtilities.framework; path = "dm_testapp/Plugins/cordova-plugin-fcm-with-dependecy-updated/GoogleIPhoneUtilities.framework"; sourceTree = "<group>"; };
		C3D1D9BD53A24F8BAAF2C118 /* GCDWebServerConnection.h */ = {isa = PBXFileReference; explicitFileType = undefined; fileEncoding = 4; includeInIndex = 0; lastKnownFileType = sourcecode.c.h; name = GCDWebServerConnection.h; path = "cordova-plugin-ionic-webview/GCDWebServerConnection.h"; sourceTree = "<group>"; };
		C4185E02F94746BB88F06AF7 /* CordovaHttpPlugin.h */ = {isa = PBXFileReference; explicitFileType = undefined; fileEncoding = 4; includeInIndex = 0; lastKnownFileType = sourcecode.c.h; name = CordovaHttpPlugin.h; path = "cordova-plugin-advanced-http/CordovaHttpPlugin.h"; sourceTree = "<group>"; };
		C4D5DF150B514E468E99E415 /* Security.framework */ = {isa = PBXFileReference; explicitFileType = undefined; fileEncoding = 9; includeInIndex = 0; lastKnownFileType = wrapper.framework; name = Security.framework; path = System/Library/Frameworks/Security.framework; sourceTree = SDKROOT; };
		C506D4A977704DD2A0813231 /* APPBadge.h */ = {isa = PBXFileReference; explicitFileType = undefined; fileEncoding = 4; includeInIndex = 0; lastKnownFileType = sourcecode.c.h; name = APPBadge.h; path = "cordova-plugin-badge/APPBadge.h"; sourceTree = "<group>"; };
		C722057D75C34B918A6E56F2 /* PushPlugin.m */ = {isa = PBXFileReference; explicitFileType = undefined; fileEncoding = 4; includeInIndex = 0; lastKnownFileType = sourcecode.c.objc; name = PushPlugin.m; path = "phonegap-plugin-push/PushPlugin.m"; sourceTree = "<group>"; };
		C76CAE43282746EE958DF540 /* CDVLocalFilesystem.m */ = {isa = PBXFileReference; explicitFileType = undefined; fileEncoding = 4; includeInIndex = 0; lastKnownFileType = sourcecode.c.objc; name = CDVLocalFilesystem.m; path = "cordova-plugin-file/CDVLocalFilesystem.m"; sourceTree = "<group>"; };
		C8ACCD8E8F2640129D4B17EC /* IONAssetHandler.m */ = {isa = PBXFileReference; explicitFileType = undefined; fileEncoding = 4; includeInIndex = 0; lastKnownFileType = sourcecode.c.objc; name = IONAssetHandler.m; path = "cordova-plugin-ionic-webview/IONAssetHandler.m"; sourceTree = "<group>"; };
		CD913F53DE694E2EA8650F7F /* sqlite3.h */ = {isa = PBXFileReference; explicitFileType = undefined; fileEncoding = 4; includeInIndex = 0; lastKnownFileType = sourcecode.c.h; name = sqlite3.h; path = "cordova-sqlite-storage/sqlite3.h"; sourceTree = "<group>"; };
		CE81B2E4F9764EAFB13D3230 /* UNUserNotificationCenter+APPLocalNotification.h */ = {isa = PBXFileReference; explicitFileType = undefined; fileEncoding = 4; includeInIndex = 0; lastKnownFileType = sourcecode.c.h; name = "UNUserNotificationCenter+APPLocalNotification.h"; path = "cordova-plugin-local-notification/UNUserNotificationCenter+APPLocalNotification.h"; sourceTree = "<group>"; };
		CEC1EA35F0BC40CD9F61324E /* GCDWebServerRequest.h */ = {isa = PBXFileReference; explicitFileType = undefined; fileEncoding = 4; includeInIndex = 0; lastKnownFileType = sourcecode.c.h; name = GCDWebServerRequest.h; path = "cordova-plugin-ionic-webview/GCDWebServerRequest.h"; sourceTree = "<group>"; };
		CEE72395C8044823AFC23D6B /* Firebase.h */ = {isa = PBXFileReference; explicitFileType = undefined; fileEncoding = 4; includeInIndex = 0; lastKnownFileType = sourcecode.c.h; name = Firebase.h; path = "cordova-plugin-fcm-with-dependecy-updated/Firebase.h"; sourceTree = "<group>"; };
		CEF7E80B467E45639464A967 /* AFSecurityPolicy.h */ = {isa = PBXFileReference; explicitFileType = undefined; fileEncoding = 4; includeInIndex = 0; lastKnownFileType = sourcecode.c.h; name = AFSecurityPolicy.h; path = "cordova-plugin-advanced-http/AFSecurityPolicy.h"; sourceTree = "<group>"; };
		CF37A06E5DC549CA94BAF430 /* GCDWebServerErrorResponse.h */ = {isa = PBXFileReference; explicitFileType = undefined; fileEncoding = 4; includeInIndex = 0; lastKnownFileType = sourcecode.c.h; name = GCDWebServerErrorResponse.h; path = "cordova-plugin-ionic-webview/GCDWebServerErrorResponse.h"; sourceTree = "<group>"; };
		D10E2F08C3A4469CBC763F3D /* CDVLocalFilesystem.h */ = {isa = PBXFileReference; explicitFileType = undefined; fileEncoding = 4; includeInIndex = 0; lastKnownFileType = sourcecode.c.h; name = CDVLocalFilesystem.h; path = "cordova-plugin-file/CDVLocalFilesystem.h"; sourceTree = "<group>"; };
		D212A80BFBA845CBBD5CD000 /* TextResponseSerializer.h */ = {isa = PBXFileReference; explicitFileType = undefined; fileEncoding = 4; includeInIndex = 0; lastKnownFileType = sourcecode.c.h; name = TextResponseSerializer.h; path = "cordova-plugin-advanced-http/TextResponseSerializer.h"; sourceTree = "<group>"; };
		D227783D1B5B42878CB4CF04 /* SystemConfiguration.framework */ = {isa = PBXFileReference; explicitFileType = undefined; fileEncoding = 9; includeInIndex = 0; lastKnownFileType = wrapper.framework; name = SystemConfiguration.framework; path = System/Library/Frameworks/SystemConfiguration.framework; sourceTree = SDKROOT; };
		D275602163F74F938CBB200E /* AppDelegate+FCMPlugin.m */ = {isa = PBXFileReference; explicitFileType = undefined; fileEncoding = 4; includeInIndex = 0; lastKnownFileType = sourcecode.c.objc; name = "AppDelegate+FCMPlugin.m"; path = "cordova-plugin-fcm-with-dependecy-updated/AppDelegate+FCMPlugin.m"; sourceTree = "<group>"; };
		D3B0F781FF9B41E292938614 /* CDVWKProcessPoolFactory.h */ = {isa = PBXFileReference; explicitFileType = undefined; fileEncoding = 4; includeInIndex = 0; lastKnownFileType = sourcecode.c.h; name = CDVWKProcessPoolFactory.h; path = "cordova-plugin-ionic-webview/CDVWKProcessPoolFactory.h"; sourceTree = "<group>"; };
		D5466F453CDF4BB18DBED195 /* CDVFile.m */ = {isa = PBXFileReference; explicitFileType = undefined; fileEncoding = 4; includeInIndex = 0; lastKnownFileType = sourcecode.c.objc; name = CDVFile.m; path = "cordova-plugin-file/CDVFile.m"; sourceTree = "<group>"; };
		D59DCDBF7C1B40A2BF948989 /* GCDWebServerStreamedResponse.h */ = {isa = PBXFileReference; explicitFileType = undefined; fileEncoding = 4; includeInIndex = 0; lastKnownFileType = sourcecode.c.h; name = GCDWebServerStreamedResponse.h; path = "cordova-plugin-ionic-webview/GCDWebServerStreamedResponse.h"; sourceTree = "<group>"; };
		D9F7D50152084338B4DBE4C8 /* CDVWKWebViewUIDelegate.m */ = {isa = PBXFileReference; explicitFileType = undefined; fileEncoding = 4; includeInIndex = 0; lastKnownFileType = sourcecode.c.objc; name = CDVWKWebViewUIDelegate.m; path = "cordova-plugin-ionic-webview/CDVWKWebViewUIDelegate.m"; sourceTree = "<group>"; };
		DAB53095A1244E3B97D7E5CB /* GCDWebServerDataResponse.m */ = {isa = PBXFileReference; explicitFileType = undefined; fileEncoding = 4; includeInIndex = 0; lastKnownFileType = sourcecode.c.objc; name = GCDWebServerDataResponse.m; path = "cordova-plugin-ionic-webview/GCDWebServerDataResponse.m"; sourceTree = "<group>"; };
		DB2F7910FDE64ED48D456678 /* CFCallNumber.h */ = {isa = PBXFileReference; explicitFileType = undefined; fileEncoding = 4; includeInIndex = 0; lastKnownFileType = sourcecode.c.h; name = CFCallNumber.h; path = "call-number/CFCallNumber.h"; sourceTree = "<group>"; };
		DFB29BB28C624494BA6AC9E8 /* CDVLocation.m */ = {isa = PBXFileReference; explicitFileType = undefined; fileEncoding = 4; includeInIndex = 0; lastKnownFileType = sourcecode.c.objc; name = CDVLocation.m; path = "cordova-plugin-geolocation/CDVLocation.m"; sourceTree = "<group>"; };
		E3CC97A0AD96413D950CEFEC /* GoogleInterchangeUtilities.framework */ = {isa = PBXFileReference; explicitFileType = undefined; fileEncoding = 9; includeInIndex = 0; lastKnownFileType = wrapper.framework; name = GoogleInterchangeUtilities.framework; path = "dm_testapp/Plugins/cordova-plugin-fcm-with-dependecy-updated/GoogleInterchangeUtilities.framework"; sourceTree = "<group>"; };
		E6BF78B683A042DABF1EF64D /* GCDWebServerStreamedResponse.m */ = {isa = PBXFileReference; explicitFileType = undefined; fileEncoding = 4; includeInIndex = 0; lastKnownFileType = sourcecode.c.objc; name = GCDWebServerStreamedResponse.m; path = "cordova-plugin-ionic-webview/GCDWebServerStreamedResponse.m"; sourceTree = "<group>"; };
		E894CB58764842ADB840CA02 /* SDNetworkActivityIndicator.m */ = {isa = PBXFileReference; explicitFileType = undefined; fileEncoding = 4; includeInIndex = 0; lastKnownFileType = sourcecode.c.objc; name = SDNetworkActivityIndicator.m; path = "cordova-plugin-advanced-http/SDNetworkActivityIndicator.m"; sourceTree = "<group>"; };
		E8D40A8541F74D259A84B6A6 /* CDVLocationManager.m */ = {isa = PBXFileReference; explicitFileType = undefined; fileEncoding = 4; includeInIndex = 0; lastKnownFileType = sourcecode.c.objc; name = CDVLocationManager.m; path = com.unarin.cordova.beacon/CDVLocationManager.m; sourceTree = "<group>"; };
		EB87FDF31871DA8E0020F90C /* www */ = {isa = PBXFileReference; lastKnownFileType = folder; name = www; path = ../../www; sourceTree = "<group>"; };
		EB87FDF41871DAF40020F90C /* config.xml */ = {isa = PBXFileReference; lastKnownFileType = text.xml; name = config.xml; path = ../../config.xml; sourceTree = "<group>"; };
		EBBCC2122CE04BC1B6BF5405 /* CordovaHttpPlugin.m */ = {isa = PBXFileReference; explicitFileType = undefined; fileEncoding = 4; includeInIndex = 0; lastKnownFileType = sourcecode.c.objc; name = CordovaHttpPlugin.m; path = "cordova-plugin-advanced-http/CordovaHttpPlugin.m"; sourceTree = "<group>"; };
		ED33DF2A687741AEAF9F8254 /* Bridging-Header.h */ = {isa = PBXFileReference; fileEncoding = 4; lastKnownFileType = sourcecode.c.h; path = "Bridging-Header.h"; sourceTree = "<group>"; };
		F1692E1606984913A4B9D189 /* GCDWebServerMultiPartFormRequest.m */ = {isa = PBXFileReference; explicitFileType = undefined; fileEncoding = 4; includeInIndex = 0; lastKnownFileType = sourcecode.c.objc; name = GCDWebServerMultiPartFormRequest.m; path = "cordova-plugin-ionic-webview/GCDWebServerMultiPartFormRequest.m"; sourceTree = "<group>"; };
		F30B7A538F144CBB97521AA5 /* FCMPlugin.m */ = {isa = PBXFileReference; explicitFileType = undefined; fileEncoding = 4; includeInIndex = 0; lastKnownFileType = sourcecode.c.objc; name = FCMPlugin.m; path = "cordova-plugin-fcm-with-dependecy-updated/FCMPlugin.m"; sourceTree = "<group>"; };
		F78B95B63766446885FEABFD /* libsqlite3.0.tbd */ = {isa = PBXFileReference; explicitFileType = undefined; fileEncoding = 9; includeInIndex = 0; lastKnownFileType = "sourcecode.text-based-dylib-definition"; name = libsqlite3.0.tbd; path = usr/lib/libsqlite3.0.tbd; sourceTree = SDKROOT; };
		F840E1F0165FE0F500CFE078 /* config.xml */ = {isa = PBXFileReference; lastKnownFileType = text.xml; name = config.xml; path = dm_testapp/config.xml; sourceTree = "<group>"; };
		FA9E1FEA46EB43F8B8A9997D /* APPBackgroundMode.h */ = {isa = PBXFileReference; explicitFileType = undefined; fileEncoding = 4; includeInIndex = 0; lastKnownFileType = sourcecode.c.h; name = APPBackgroundMode.h; path = "cordova-plugin-background-mode/APPBackgroundMode.h"; sourceTree = "<group>"; };
		FDFE6968C0D54CE7835ABE1F /* GCDWebServerMultiPartFormRequest.h */ = {isa = PBXFileReference; explicitFileType = undefined; fileEncoding = 4; includeInIndex = 0; lastKnownFileType = sourcecode.c.h; name = GCDWebServerMultiPartFormRequest.h; path = "cordova-plugin-ionic-webview/GCDWebServerMultiPartFormRequest.h"; sourceTree = "<group>"; };
/* End PBXFileReference section */

/* Begin PBXFrameworksBuildPhase section */
		1D60588F0D05DD3D006BFB54 /* Frameworks */ = {
			isa = PBXFrameworksBuildPhase;
			buildActionMask = 2147483647;
			files = (
				301BF552109A68D80062928A /* libCordova.a in Frameworks */,
				8ED9D54166D941D4B12F037D /* CoreBluetooth.framework in Frameworks */,
				3CE835EDBAA94855B453FFEC /* CoreLocation.framework in Frameworks */,
				E7B12C0DE294451BB4E0273F /* Security.framework in Frameworks */,
				8D285954E385468C9043CD72 /* SystemConfiguration.framework in Frameworks */,
				284031409F78416C9076B803 /* WebKit.framework in Frameworks */,
				A36678CB237047FBAAAAB3EB /* libz.tbd in Frameworks */,
				E2CB6EA509794C63B8501270 /* UserNotifications.framework in Frameworks */,
				8718C1954E8C4DB78B9B0116 /* PushKit.framework in Frameworks */,
				B3429029FE77765880F1732F /* libPods-dm_testapp.a in Frameworks */,
				FEB541356FFA42DEB850903C /* FirebaseAnalytics.framework in Frameworks */,
				6E3E690B02B547E78898AE9B /* FirebaseCore.framework in Frameworks */,
				FC31565955214382907CE49B /* FirebaseInstanceID.framework in Frameworks */,
				ADA8528FA2E04B03AF3ACC91 /* FirebaseMessaging.framework in Frameworks */,
				D39355278BA44E61B8B4839E /* GoogleInterchangeUtilities.framework in Frameworks */,
				F55FAF561F524319BDB762C2 /* GoogleIPhoneUtilities.framework in Frameworks */,
				988855E75CD947E3BBBC0493 /* GoogleSymbolUtilities.framework in Frameworks */,
				E7DC247F31AA4616942B8E82 /* GoogleUtilities.framework in Frameworks */,
				12FAD69EAE364CFCA9C5DB17 /* libc++.tbd in Frameworks */,
				B940A73299294E2180003D6C /* AddressBook.framework in Frameworks */,
				B11A99421A164BCBB28F5AA0 /* libsqlite3.0.tbd in Frameworks */,
			);
			runOnlyForDeploymentPostprocessing = 0;
		};
/* End PBXFrameworksBuildPhase section */

/* Begin PBXGroup section */
		06B16DAA3ACC37AFDEA8CC1A /* Pods */ = {
			isa = PBXGroup;
			children = (
			);
			name = Pods;
			sourceTree = "<group>";
		};
		080E96DDFE201D6D7F000001 /* Classes */ = {
			isa = PBXGroup;
			children = (
				302D95EE14D2391D003F00A1 /* MainViewController.h */,
				302D95EF14D2391D003F00A1 /* MainViewController.m */,
				302D95F014D2391D003F00A1 /* MainViewController.xib */,
				1D3623240D0F684500981E51 /* AppDelegate.h */,
				1D3623250D0F684500981E51 /* AppDelegate.m */,
			);
			name = Classes;
			path = dm_testapp/Classes;
			sourceTree = SOURCE_ROOT;
		};
		19C28FACFE9D520D11CA2CBB /* Products */ = {
			isa = PBXGroup;
			children = (
				1D6058910D05DD3D006BFB54 /* dm_testapp.app */,
			);
			name = Products;
			sourceTree = "<group>";
		};
		29B97314FDCFA39411CA2CEA /* CustomTemplate */ = {
			isa = PBXGroup;
			children = (
				EB87FDF41871DAF40020F90C /* config.xml */,
				EB87FDF31871DA8E0020F90C /* www */,
				EB87FDF11871DA420020F90C /* Staging */,
				301BF52D109A57CC0062928A /* CordovaLib/CordovaLib.xcodeproj */,
				080E96DDFE201D6D7F000001 /* Classes */,
				307C750510C5A3420062BCA9 /* Plugins */,
				29B97315FDCFA39411CA2CEA /* Other Sources */,
				29B97317FDCFA39411CA2CEA /* Resources */,
				29B97323FDCFA39411CA2CEA /* Frameworks */,
				19C28FACFE9D520D11CA2CBB /* Products */,
				06B16DAA3ACC37AFDEA8CC1A /* Pods */,
			);
			name = CustomTemplate;
			sourceTree = "<group>";
		};
		29B97315FDCFA39411CA2CEA /* Other Sources */ = {
			isa = PBXGroup;
			children = (
				32CA4F630368D1EE00C91783 /* dm_testapp-Prefix.pch */,
				29B97316FDCFA39411CA2CEA /* main.m */,
				ED33DF2A687741AEAF9F8254 /* Bridging-Header.h */,
			);
			name = "Other Sources";
			path = dm_testapp;
			sourceTree = "<group>";
		};
		29B97317FDCFA39411CA2CEA /* Resources */ = {
			isa = PBXGroup;
			children = (
				0207DA571B56EA530066E2B4 /* Images.xcassets */,
				3047A50E1AB8057F00498E2A /* config */,
				8D1107310486CEB800E47090 /* dm_testapp-Info.plist */,
				6AFF5BF81D6E424B00AB3073 /* CDVLaunchScreen.storyboard */,
				BC08B5A88FC441F682EF4DA4 /* appbeep.wav */,
				6946973EF89B47318B6080FE /* GoogleService-Info.plist */,
			);
			name = Resources;
			path = dm_testapp/Resources;
			sourceTree = "<group>";
		};
		29B97323FDCFA39411CA2CEA /* Frameworks */ = {
			isa = PBXGroup;
			children = (
				292B6D7F23E94188819C1113 /* CoreBluetooth.framework */,
				5915CE336C25437785B356AD /* CoreLocation.framework */,
				C4D5DF150B514E468E99E415 /* Security.framework */,
				D227783D1B5B42878CB4CF04 /* SystemConfiguration.framework */,
				C1930EC7FAB04175BC26F274 /* WebKit.framework */,
				515368DE701D4E06B869FD7A /* libz.tbd */,
				C1C42FC1B82A46ADAB28E2B1 /* UserNotifications.framework */,
				AB53FC86DFE14C98A814A3D9 /* PushKit.framework */,
				5D734387E29E59AB48222832 /* libPods-dm_testapp.a */,
				4F39F6051E4D4E21AABE9CC1 /* FirebaseAnalytics.framework */,
				1C65BAA7CB1D468290F75819 /* FirebaseCore.framework */,
				014A9A90017C432A85B4C5B1 /* FirebaseInstanceID.framework */,
				19C85DB015BB436EBF489570 /* FirebaseMessaging.framework */,
				E3CC97A0AD96413D950CEFEC /* GoogleInterchangeUtilities.framework */,
				C335401F19F44DED92AC2BF8 /* GoogleIPhoneUtilities.framework */,
				486EFB8E1DE6450999C1917B /* GoogleSymbolUtilities.framework */,
				6D6A9D26A07048AF969A9018 /* GoogleUtilities.framework */,
				378E585BA1244D8692AB06EA /* libc++.tbd */,
				A75EBC999B1648B1921CE024 /* AddressBook.framework */,
				F78B95B63766446885FEABFD /* libsqlite3.0.tbd */,
			);
			name = Frameworks;
			sourceTree = "<group>";
		};
		301BF52E109A57CC0062928A /* Products */ = {
			isa = PBXGroup;
			children = (
				301BF535109A57CC0062928A /* libCordova.a */,
				188D52E62224BDC80009AB7F /* Cordova.framework */,
			);
			name = Products;
			sourceTree = "<group>";
		};
		3047A50E1AB8057F00498E2A /* config */ = {
			isa = PBXGroup;
			children = (
				3047A50F1AB8059700498E2A /* build-debug.xcconfig */,
				3047A5101AB8059700498E2A /* build-release.xcconfig */,
				3047A5111AB8059700498E2A /* build.xcconfig */,
			);
			name = config;
			sourceTree = "<group>";
		};
		307C750510C5A3420062BCA9 /* Plugins */ = {
			isa = PBXGroup;
			children = (
				1E101876A4F2436790377ADF /* CFCallNumber.m */,
				DB2F7910FDE64ED48D456678 /* CFCallNumber.h */,
				358BB130EA084B40B6D2B26E /* CDVDevice.m */,
				5697BB9746604974AD6645C0 /* CDVDevice.h */,
				E8D40A8541F74D259A84B6A6 /* CDVLocationManager.m */,
				074C969133DF4A4688ACC556 /* AppDelegate+CDVLocationManager.m */,
				3C15A2D962624510AC09C4CE /* LMLogger.m */,
				5AA77EE0E44F47A5AFA21979 /* CDVLocationManager.h */,
				9E99F7B9F1BB43649351940B /* AppDelegate+CDVLocationManager.h */,
				969C4C57FBF246789ED36A90 /* LMLogger.h */,
				D5466F453CDF4BB18DBED195 /* CDVFile.m */,
				C76CAE43282746EE958DF540 /* CDVLocalFilesystem.m */,
				1BB0AE67CBC94AA3831BCEC7 /* CDVAssetLibraryFilesystem.m */,
				0767C4DC116843A1BBD9EB3C /* CDVFile.h */,
				D10E2F08C3A4469CBC763F3D /* CDVLocalFilesystem.h */,
				196CB8C8970D4001A3D02DA1 /* CDVAssetLibraryFilesystem.h */,
				EBBCC2122CE04BC1B6BF5405 /* CordovaHttpPlugin.m */,
				0D0D913E896C4430BFF991B8 /* TextResponseSerializer.m */,
				99D39A01352A40F2AD82D182 /* TextRequestSerializer.m */,
				41BEF733CDFF402CB3E0443D /* AFHTTPSessionManager.m */,
				53A7CF3F0F0B435F8FB9D167 /* AFNetworkReachabilityManager.m */,
				52B997D68B7B40D3B18AE513 /* AFSecurityPolicy.m */,
				09F0AB73678D4C2CBC07E84B /* AFURLRequestSerialization.m */,
				8383FA68DD9A431995A52F3A /* AFURLResponseSerialization.m */,
				55697913E9084FB2AE689B1A /* AFURLSessionManager.m */,
				E894CB58764842ADB840CA02 /* SDNetworkActivityIndicator.m */,
				C4185E02F94746BB88F06AF7 /* CordovaHttpPlugin.h */,
				D212A80BFBA845CBBD5CD000 /* TextResponseSerializer.h */,
				65124E57D3BF41A7A87ADF89 /* TextRequestSerializer.h */,
				088B0CB16EEB47E9B0E54D74 /* AFHTTPSessionManager.h */,
				886C3EFEFC9F4A7C81C2A0B0 /* AFNetworking.h */,
				AD01B81A97F04618879F57AC /* AFNetworkReachabilityManager.h */,
				CEF7E80B467E45639464A967 /* AFSecurityPolicy.h */,
				24B7C4E486604D2BA081D075 /* AFURLRequestSerialization.h */,
				767131BC4E364F7790004D9F /* AFURLResponseSerialization.h */,
				89D221461AE1486C9A517753 /* AFURLSessionManager.h */,
				4CD38F31ED404B2494AADD0D /* SDNetworkActivityIndicator.h */,
				717AC5FCE70943F0B33BB309 /* APPBackgroundMode.m */,
				B73FD51D40574E1F84BF2F26 /* APPMethodMagic.m */,
				FA9E1FEA46EB43F8B8A9997D /* APPBackgroundMode.h */,
				5052E383D50D4EF2BE6E04BF /* APPMethodMagic.h */,
				BE343D45D72042FA933810FC /* APPBadge.m */,
				C506D4A977704DD2A0813231 /* APPBadge.h */,
				DFB29BB28C624494BA6AC9E8 /* CDVLocation.m */,
				92A6FE4714934F7F9FF951B1 /* CDVLocation.h */,
				21FCC89893984E429EEE064D /* CDVIonicKeyboard.m */,
				308BBA036BBE488C8AB48C47 /* CDVIonicKeyboard.h */,
				54635E010F5C465C8F67D2FD /* CDVWKWebViewEngine.m */,
				D9F7D50152084338B4DBE4C8 /* CDVWKWebViewUIDelegate.m */,
				96EE4674E9DF4626A2A7E240 /* CDVWKProcessPoolFactory.m */,
				C8ACCD8E8F2640129D4B17EC /* IONAssetHandler.m */,
				1B6BC4069D3243408F3149F3 /* GCDWebServer.m */,
				8DF7BC5794CF4033B3941DC2 /* GCDWebServerConnection.m */,
				668A732EF9B54B93BFE87AB4 /* GCDWebServerFunctions.m */,
				717289C207324D7BB4299F35 /* GCDWebServerRequest.m */,
				A51DB3EE71304958A4111430 /* GCDWebServerResponse.m */,
				33C2660ECAFB4990A6701D59 /* GCDWebServerDataRequest.m */,
				B0ED7493ACA44E079F03D24B /* GCDWebServerFileRequest.m */,
				F1692E1606984913A4B9D189 /* GCDWebServerMultiPartFormRequest.m */,
				27832D33341E4511B10DE02A /* GCDWebServerURLEncodedFormRequest.m */,
				DAB53095A1244E3B97D7E5CB /* GCDWebServerDataResponse.m */,
				6F7B71A0CBF24EB3BB884562 /* GCDWebServerErrorResponse.m */,
				A086343C2B534116A4D21D44 /* GCDWebServerFileResponse.m */,
				E6BF78B683A042DABF1EF64D /* GCDWebServerStreamedResponse.m */,
				04F3698FEE584FE9AB1C903F /* CDVWKWebViewEngine.h */,
				7203D65627824BC8829BDB0B /* CDVWKWebViewUIDelegate.h */,
				D3B0F781FF9B41E292938614 /* CDVWKProcessPoolFactory.h */,
				B71A694816AF454D927C1790 /* IONAssetHandler.h */,
				1408883B3DD74ABAA8E8D3F3 /* GCDWebServer.h */,
				C3D1D9BD53A24F8BAAF2C118 /* GCDWebServerConnection.h */,
				B302C684C1E2440DA1E3A9A9 /* GCDWebServerFunctions.h */,
				72FDE7DFB2B74DEBAAC5FAEF /* GCDWebServerHTTPStatusCodes.h */,
				64AFA76E35654FF3A082507E /* GCDWebServerPrivate.h */,
				CEC1EA35F0BC40CD9F61324E /* GCDWebServerRequest.h */,
				9322A1DC7BC84B60BEBE83CE /* GCDWebServerResponse.h */,
				50649022704348D8880D3AC1 /* GCDWebServerDataRequest.h */,
				0ACAC736911D4BA190EF4BA2 /* GCDWebServerFileRequest.h */,
				FDFE6968C0D54CE7835ABE1F /* GCDWebServerMultiPartFormRequest.h */,
				7F393337A8364D878EF6635E /* GCDWebServerURLEncodedFormRequest.h */,
				9A32737C39BF49A4A932FAE5 /* GCDWebServerDataResponse.h */,
				CF37A06E5DC549CA94BAF430 /* GCDWebServerErrorResponse.h */,
				0143673109F74B5AA7BA8ED4 /* GCDWebServerFileResponse.h */,
				D59DCDBF7C1B40A2BF948989 /* GCDWebServerStreamedResponse.h */,
				1626D1A665A84BA7AF7BB7EF /* APPLocalNotification.m */,
				63670A5E774046278AFD1A9C /* APPNotificationContent.m */,
				8BBCC4A1A89349A695649780 /* APPNotificationOptions.m */,
				17F9BC9FC31D4826A7C6D8F2 /* UNUserNotificationCenter+APPLocalNotification.m */,
				2A1256E8995446259B573ACA /* UNNotificationRequest+APPLocalNotification.m */,
				257934A019AA450C9596E0A6 /* APPLocalNotification.h */,
				94F8C984931F4E75AD845167 /* APPNotificationContent.h */,
				4483DD18CCD3468C9E9A9056 /* APPNotificationOptions.h */,
				CE81B2E4F9764EAFB13D3230 /* UNUserNotificationCenter+APPLocalNotification.h */,
				257DC5B9057E4ABD8B5DBA3B /* UNNotificationRequest+APPLocalNotification.h */,
				22893F04648040D491982382 /* CDVSplashScreen.m */,
				A65C639937F94425854B3FF3 /* CDVViewController+SplashScreen.m */,
				8536C41BCB8945068ECD3665 /* CDVSplashScreen.h */,
				497EEA74E8314BF386E33420 /* CDVViewController+SplashScreen.h */,
				762DB3B6E1AC49BAAA986454 /* CDVStatusBar.m */,
				0E9304FD667E450AB298929A /* CDVStatusBar.h */,
				6DAA462431B646D18FDE74E3 /* UICKeyChainStore.m */,
				A92640FD0D184C7EB68D90C6 /* CDVUniqueDeviceID.m */,
				7EBE2FFD7AA345D084B0BAC0 /* UICKeyChainStore.h */,
				257DF57600E5462BAA2C9F31 /* CDVUniqueDeviceID.h */,
				89BE8F605C3F42F2933ED16F /* SQLitePlugin.m */,
				3E147DA202004D5D9EACBB0E /* PSPDFThreadSafeMutableDictionary.m */,
				AF16E4CC6FA74CC889A60897 /* sqlite3.c */,
				91D739A8BAA940B7BC4D5630 /* SQLitePlugin.h */,
				A569BB2F901D485BAFD7B389 /* PSPDFThreadSafeMutableDictionary.h */,
				CD913F53DE694E2EA8650F7F /* sqlite3.h */,
				2326443C84E44032BBB02AB9 /* AppDelegate+notification.m */,
				C722057D75C34B918A6E56F2 /* PushPlugin.m */,
				9F988CFC1C644AEBB882A7FF /* AppDelegate+notification.h */,
				93C8BDFF5F1740548F6E20F7 /* PushPlugin.h */,
				F30B7A538F144CBB97521AA5 /* FCMPlugin.m */,
				D275602163F74F938CBB200E /* AppDelegate+FCMPlugin.m */,
				3223ED3BC219412E8C3DBA6A /* FCMPlugin.h */,
				966FED4E87F84C55BEE06691 /* AppDelegate+FCMPlugin.h */,
				CEE72395C8044823AFC23D6B /* Firebase.h */,
			);
			name = Plugins;
			path = dm_testapp/Plugins;
			sourceTree = SOURCE_ROOT;
		};
		EB87FDF11871DA420020F90C /* Staging */ = {
			isa = PBXGroup;
			children = (
				F840E1F0165FE0F500CFE078 /* config.xml */,
				301BF56E109A69640062928A /* www */,
			);
			name = Staging;
			sourceTree = "<group>";
		};
/* End PBXGroup section */

/* Begin PBXNativeTarget section */
		1D6058900D05DD3D006BFB54 /* dm_testapp */ = {
			isa = PBXNativeTarget;
			buildConfigurationList = 1D6058960D05DD3E006BFB54 /* Build configuration list for PBXNativeTarget "dm_testapp" */;
			buildPhases = (
				50AED88349713A9144631C6E /* [CP] Check Pods Manifest.lock */,
				304B58A110DAC018002A0835 /* Copy www directory */,
				1D60588D0D05DD3D006BFB54 /* Resources */,
				1D60588E0D05DD3D006BFB54 /* Sources */,
				1D60588F0D05DD3D006BFB54 /* Frameworks */,
				A91385E512CBB889764C1BA3 /* [CP] Embed Pods Frameworks */,
				EBC5F2891A19E00D73C70A57 /* [CP] Copy Pods Resources */,
			);
			buildRules = (
			);
			dependencies = (
				301BF551109A68C00062928A /* PBXTargetDependency */,
			);
			name = dm_testapp;
			productName = dm_testapp;
			productReference = 1D6058910D05DD3D006BFB54 /* dm_testapp.app */;
			productType = "com.apple.product-type.application";
		};
/* End PBXNativeTarget section */

/* Begin PBXProject section */
		29B97313FDCFA39411CA2CEA /* Project object */ = {
			isa = PBXProject;
			attributes = {
				LastUpgradeCheck = 510;
				TargetAttributes = {
					1D6058900D05DD3D006BFB54 = {
						DevelopmentTeam = T56DEGGN29;
					};
				};
			};
			buildConfigurationList = C01FCF4E08A954540054247B /* Build configuration list for PBXProject "dm_testapp" */;
			compatibilityVersion = "Xcode 3.2";
			developmentRegion = English;
			hasScannedForEncodings = 1;
			knownRegions = (
				en,
			);
			mainGroup = 29B97314FDCFA39411CA2CEA /* CustomTemplate */;
			productRefGroup = 19C28FACFE9D520D11CA2CBB /* Products */;
			projectDirPath = "";
			projectReferences = (
				{
					ProductGroup = 301BF52E109A57CC0062928A /* Products */;
					ProjectRef = 301BF52D109A57CC0062928A /* CordovaLib/CordovaLib.xcodeproj */;
				},
			);
			projectRoot = "";
			targets = (
				1D6058900D05DD3D006BFB54 /* dm_testapp */,
			);
		};
/* End PBXProject section */

/* Begin PBXReferenceProxy section */
		188D52E62224BDC80009AB7F /* Cordova.framework */ = {
			isa = PBXReferenceProxy;
			fileType = wrapper.framework;
			path = Cordova.framework;
			remoteRef = 188D52E52224BDC80009AB7F /* PBXContainerItemProxy */;
			sourceTree = BUILT_PRODUCTS_DIR;
		};
		301BF535109A57CC0062928A /* libCordova.a */ = {
			isa = PBXReferenceProxy;
			fileType = archive.ar;
			path = libCordova.a;
			remoteRef = 301BF534109A57CC0062928A /* PBXContainerItemProxy */;
			sourceTree = BUILT_PRODUCTS_DIR;
		};
/* End PBXReferenceProxy section */

/* Begin PBXResourcesBuildPhase section */
		1D60588D0D05DD3D006BFB54 /* Resources */ = {
			isa = PBXResourcesBuildPhase;
			buildActionMask = 2147483647;
			files = (
				302D95F214D2391D003F00A1 /* MainViewController.xib in Resources */,
				0207DA581B56EA530066E2B4 /* Images.xcassets in Resources */,
				6AFF5BF91D6E424B00AB3073 /* CDVLaunchScreen.storyboard in Resources */,
				35B4454ADB304E17856E0647 /* appbeep.wav in Resources */,
				EFCB64F7D4D1467EAC8E1FFE /* GoogleService-Info.plist in Resources */,
			);
			runOnlyForDeploymentPostprocessing = 0;
		};
/* End PBXResourcesBuildPhase section */

/* Begin PBXShellScriptBuildPhase section */
		304B58A110DAC018002A0835 /* Copy www directory */ = {
			isa = PBXShellScriptBuildPhase;
			buildActionMask = 2147483647;
			files = (
			);
			inputPaths = (
			);
			name = "Copy www directory";
			outputPaths = (
			);
			runOnlyForDeploymentPostprocessing = 0;
			shellPath = /bin/sh;
			shellScript = "NODEJS_PATH=/usr/local/bin; NVM_NODE_PATH=~/.nvm/versions/node/`nvm version 2>/dev/null`/bin; N_NODE_PATH=`find /usr/local/n/versions/node/* -maxdepth 0 -type d 2>/dev/null | tail -1`/bin; XCODE_NODE_PATH=`xcode-select --print-path`/usr/share/xcs/Node/bin; PATH=$NODEJS_PATH:$NVM_NODE_PATH:$N_NODE_PATH:$XCODE_NODE_PATH:$PATH && node cordova/lib/copy-www-build-step.js";
			showEnvVarsInLog = 0;
		};
		50AED88349713A9144631C6E /* [CP] Check Pods Manifest.lock */ = {
			isa = PBXShellScriptBuildPhase;
			buildActionMask = 2147483647;
			files = (
			);
			inputPaths = (
				"${PODS_PODFILE_DIR_PATH}/Podfile.lock",
				"${PODS_ROOT}/Manifest.lock",
			);
			name = "[CP] Check Pods Manifest.lock";
			outputPaths = (
				"$(DERIVED_FILE_DIR)/Pods-dm_testapp-checkManifestLockResult.txt",
			);
			runOnlyForDeploymentPostprocessing = 0;
			shellPath = /bin/sh;
			shellScript = "diff \"${PODS_PODFILE_DIR_PATH}/Podfile.lock\" \"${PODS_ROOT}/Manifest.lock\" > /dev/null\nif [ $? != 0 ] ; then\n    # print error to STDERR\n    echo \"error: The sandbox is not in sync with the Podfile.lock. Run 'pod install' or update your CocoaPods installation.\" >&2\n    exit 1\nfi\n# This output is used by Xcode 'outputs' to avoid re-running this script phase.\necho \"SUCCESS\" > \"${SCRIPT_OUTPUT_FILE_0}\"\n";
			showEnvVarsInLog = 0;
		};
		A91385E512CBB889764C1BA3 /* [CP] Embed Pods Frameworks */ = {
			isa = PBXShellScriptBuildPhase;
			buildActionMask = 2147483647;
			files = (
			);
			inputPaths = (
			);
			name = "[CP] Embed Pods Frameworks";
			outputPaths = (
			);
			runOnlyForDeploymentPostprocessing = 0;
			shellPath = /bin/sh;
			shellScript = "\"${SRCROOT}/Pods/Target Support Files/Pods-dm_testapp/Pods-dm_testapp-frameworks.sh\"\n";
			showEnvVarsInLog = 0;
		};
		EBC5F2891A19E00D73C70A57 /* [CP] Copy Pods Resources */ = {
			isa = PBXShellScriptBuildPhase;
			buildActionMask = 2147483647;
			files = (
			);
			inputPaths = (
			);
			name = "[CP] Copy Pods Resources";
			outputPaths = (
			);
			runOnlyForDeploymentPostprocessing = 0;
			shellPath = /bin/sh;
			shellScript = "\"${SRCROOT}/Pods/Target Support Files/Pods-dm_testapp/Pods-dm_testapp-resources.sh\"\n";
			showEnvVarsInLog = 0;
		};
/* End PBXShellScriptBuildPhase section */

/* Begin PBXSourcesBuildPhase section */
		1D60588E0D05DD3D006BFB54 /* Sources */ = {
			isa = PBXSourcesBuildPhase;
			buildActionMask = 2147483647;
			files = (
				1D60589B0D05DD56006BFB54 /* main.m in Sources */,
				1D3623260D0F684500981E51 /* AppDelegate.m in Sources */,
				302D95F114D2391D003F00A1 /* MainViewController.m in Sources */,
				533C7002D3F943FB864CDB65 /* CFCallNumber.m in Sources */,
				67DEC86D31644A08BF719BFA /* CDVDevice.m in Sources */,
				8F9D5F8FA9BC4DE892445E98 /* CDVLocationManager.m in Sources */,
				A404F63308FF41939B0222E5 /* AppDelegate+CDVLocationManager.m in Sources */,
				AABA5BEDB3274FF88554DF25 /* LMLogger.m in Sources */,
				9FCAA6C4DCA84A73981ABEA7 /* CDVFile.m in Sources */,
				DA0DD0D0EDF041F7B1B0F1ED /* CDVLocalFilesystem.m in Sources */,
				E645D5F2D9E74CC8AE182886 /* CDVAssetLibraryFilesystem.m in Sources */,
				A2F86D89DA38432488818CAC /* CordovaHttpPlugin.m in Sources */,
				459DF0B950BF482784961920 /* TextResponseSerializer.m in Sources */,
				B5BE27CFE01847DEAE111D43 /* TextRequestSerializer.m in Sources */,
				36FDAB4AC92446E9A01C6D28 /* AFHTTPSessionManager.m in Sources */,
				704C528A8CC94303A10589DC /* AFNetworkReachabilityManager.m in Sources */,
				A191B6E4408140A58324417B /* AFSecurityPolicy.m in Sources */,
				D21DAAE938024E879F848C09 /* AFURLRequestSerialization.m in Sources */,
				0BCEEBD87E084C1887A75770 /* AFURLResponseSerialization.m in Sources */,
				8329E55C4F504A77AAB20E1D /* AFURLSessionManager.m in Sources */,
				BA573DB6475D42218D570C63 /* SDNetworkActivityIndicator.m in Sources */,
				BFCFEAE794124C52B75F6C87 /* APPBackgroundMode.m in Sources */,
				E1487F261B4B415CA4A21BA5 /* APPMethodMagic.m in Sources */,
				E7AAA5C8C9DB4AB7921DE7E8 /* APPBadge.m in Sources */,
				115D19A505CA4035B17F2E35 /* CDVLocation.m in Sources */,
				504B81DABA41472981B37920 /* CDVIonicKeyboard.m in Sources */,
				D9F3A3696DF94EE9969E560D /* CDVWKWebViewEngine.m in Sources */,
				65960C0C0EB24B13BA84CABD /* CDVWKWebViewUIDelegate.m in Sources */,
				0FE3EBE78DF94AEAAC1F795F /* CDVWKProcessPoolFactory.m in Sources */,
				01AEAC479D514B34A1527FB4 /* IONAssetHandler.m in Sources */,
				4BA0B1468B574EF290F2F282 /* GCDWebServer.m in Sources */,
				E3FD02E6FD644861AA598C45 /* GCDWebServerConnection.m in Sources */,
				1542E82F6B524675BD35962F /* GCDWebServerFunctions.m in Sources */,
				F1B5B6F2B985497E8E2B714C /* GCDWebServerRequest.m in Sources */,
				42839810F08E49789B702430 /* GCDWebServerResponse.m in Sources */,
				02ADE4730CFD43529B6CEC11 /* GCDWebServerDataRequest.m in Sources */,
				9CC9070F1875489D9D2A29A6 /* GCDWebServerFileRequest.m in Sources */,
				B6C0D326642D4311BBE39845 /* GCDWebServerMultiPartFormRequest.m in Sources */,
				4112E305CB25416CAE755A9F /* GCDWebServerURLEncodedFormRequest.m in Sources */,
				0FCFE49F1BB24E8F8A6B87B4 /* GCDWebServerDataResponse.m in Sources */,
				71020017723C440D81610F29 /* GCDWebServerErrorResponse.m in Sources */,
				2193F9A3E5CD40208D33AF1A /* GCDWebServerFileResponse.m in Sources */,
				09D571BF03164F74835A3D86 /* GCDWebServerStreamedResponse.m in Sources */,
				1E54B24CF0614E9DA140646E /* APPLocalNotification.m in Sources */,
				CA168521872C4C4A88DAB6C8 /* APPNotificationContent.m in Sources */,
				E616AA87BEAB4184B3D4AFD7 /* APPNotificationOptions.m in Sources */,
				E5C57815084047AC95183A25 /* UNUserNotificationCenter+APPLocalNotification.m in Sources */,
				7A131221893E4B8195DB2AEE /* UNNotificationRequest+APPLocalNotification.m in Sources */,
				E6DB6BF3247A4742971FA2C9 /* CDVSplashScreen.m in Sources */,
				86A6F127846844AD8FCA69D1 /* CDVViewController+SplashScreen.m in Sources */,
				A6FE8791BEAC4EDB8C290D58 /* CDVStatusBar.m in Sources */,
				532D8574D9F841A9858074FC /* UICKeyChainStore.m in Sources */,
				511AD88208124E95A8980112 /* CDVUniqueDeviceID.m in Sources */,
				B19D3308F8F146DF988B4BE9 /* SQLitePlugin.m in Sources */,
				581B82C9AEE54A058DE679A2 /* PSPDFThreadSafeMutableDictionary.m in Sources */,
				549AB51901DD4400932CE601 /* sqlite3.c in Sources */,
				503470534AB34EB19E2973DA /* AppDelegate+notification.m in Sources */,
				D5E498312B6C4B81B93A8227 /* PushPlugin.m in Sources */,
				3DAFEFDB796A4E50B5EA2C9C /* FCMPlugin.m in Sources */,
				FCA7E014399542E1933C3B1B /* AppDelegate+FCMPlugin.m in Sources */,
			);
			runOnlyForDeploymentPostprocessing = 0;
		};
/* End PBXSourcesBuildPhase section */

/* Begin PBXTargetDependency section */
		301BF551109A68C00062928A /* PBXTargetDependency */ = {
			isa = PBXTargetDependency;
			name = CordovaLib;
			targetProxy = 301BF550109A68C00062928A /* PBXContainerItemProxy */;
		};
/* End PBXTargetDependency section */

/* Begin XCBuildConfiguration section */
		1D6058940D05DD3E006BFB54 /* Debug */ = {
			isa = XCBuildConfiguration;
			baseConfigurationReference = 3047A50F1AB8059700498E2A /* build-debug.xcconfig */;
			buildSettings = {
				ALWAYS_SEARCH_USER_PATHS = NO;
				ASSETCATALOG_COMPILER_APPICON_NAME = AppIcon;
				ASSETCATALOG_COMPILER_LAUNCHIMAGE_NAME = LaunchImage;
				CLANG_ENABLE_MODULES = YES;
				CLANG_ENABLE_OBJC_ARC = YES;
				COPY_PHASE_STRIP = NO;
				DEVELOPMENT_TEAM = T56DEGGN29;
				FRAMEWORK_SEARCH_PATHS = (
					"$(inherited)",
					"\"dm_testapp/Plugins/cordova-plugin-fcm-with-dependecy-updated\"",
					"\"dm_testapp/Plugins/cordova-plugin-fcm-with-dependecy-updated\"",
					"\"dm_testapp/Plugins/cordova-plugin-fcm-with-dependecy-updated\"",
					"\"dm_testapp/Plugins/cordova-plugin-fcm-with-dependecy-updated\"",
					"\"dm_testapp/Plugins/cordova-plugin-fcm-with-dependecy-updated\"",
					"\"dm_testapp/Plugins/cordova-plugin-fcm-with-dependecy-updated\"",
					"\"dm_testapp/Plugins/cordova-plugin-fcm-with-dependecy-updated\"",
					"\"dm_testapp/Plugins/cordova-plugin-fcm-with-dependecy-updated\"",
				);
				GCC_DYNAMIC_NO_PIC = NO;
				GCC_OPTIMIZATION_LEVEL = 0;
				GCC_PRECOMPILE_PREFIX_HEADER = YES;
				GCC_PREFIX_HEADER = "dm_testapp/dm_testapp-Prefix.pch";
				GCC_THUMB_SUPPORT = NO;
				GCC_VERSION = "";
				INFOPLIST_FILE = "dm_testapp/dm_testapp-Info.plist";
				IPHONEOS_DEPLOYMENT_TARGET = 9.0;
				LD_RUNPATH_SEARCH_PATHS = "@executable_path/Frameworks";
				PRODUCT_NAME = dm_testapp;
				TARGETED_DEVICE_FAMILY = "1,2";
			};
			name = Debug;
		};
		1D6058950D05DD3E006BFB54 /* Release */ = {
			isa = XCBuildConfiguration;
			baseConfigurationReference = 3047A5101AB8059700498E2A /* build-release.xcconfig */;
			buildSettings = {
				ALWAYS_SEARCH_USER_PATHS = NO;
				ASSETCATALOG_COMPILER_APPICON_NAME = AppIcon;
				ASSETCATALOG_COMPILER_LAUNCHIMAGE_NAME = LaunchImage;
				CLANG_ENABLE_MODULES = YES;
				CLANG_ENABLE_OBJC_ARC = YES;
				COPY_PHASE_STRIP = YES;
				DEVELOPMENT_TEAM = T56DEGGN29;
				FRAMEWORK_SEARCH_PATHS = (
					"$(inherited)",
					"\"dm_testapp/Plugins/cordova-plugin-fcm-with-dependecy-updated\"",
					"\"dm_testapp/Plugins/cordova-plugin-fcm-with-dependecy-updated\"",
					"\"dm_testapp/Plugins/cordova-plugin-fcm-with-dependecy-updated\"",
					"\"dm_testapp/Plugins/cordova-plugin-fcm-with-dependecy-updated\"",
					"\"dm_testapp/Plugins/cordova-plugin-fcm-with-dependecy-updated\"",
					"\"dm_testapp/Plugins/cordova-plugin-fcm-with-dependecy-updated\"",
					"\"dm_testapp/Plugins/cordova-plugin-fcm-with-dependecy-updated\"",
					"\"dm_testapp/Plugins/cordova-plugin-fcm-with-dependecy-updated\"",
				);
				GCC_PRECOMPILE_PREFIX_HEADER = YES;
				GCC_PREFIX_HEADER = "dm_testapp/dm_testapp-Prefix.pch";
				GCC_THUMB_SUPPORT = NO;
				GCC_VERSION = "";
				INFOPLIST_FILE = "dm_testapp/dm_testapp-Info.plist";
				IPHONEOS_DEPLOYMENT_TARGET = 9.0;
				LD_RUNPATH_SEARCH_PATHS = "@executable_path/Frameworks";
				PRODUCT_NAME = dm_testapp;
				TARGETED_DEVICE_FAMILY = "1,2";
			};
			name = Release;
		};
		C01FCF4F08A954540054247B /* Debug */ = {
			isa = XCBuildConfiguration;
			baseConfigurationReference = 3047A5111AB8059700498E2A /* build.xcconfig */;
			buildSettings = {
				CLANG_ENABLE_MODULES = YES;
				CLANG_ENABLE_OBJC_ARC = YES;
				CLANG_WARN_BOOL_CONVERSION = YES;
				CLANG_WARN_CONSTANT_CONVERSION = YES;
				CLANG_WARN_EMPTY_BODY = YES;
				CLANG_WARN_ENUM_CONVERSION = YES;
				CLANG_WARN_INT_CONVERSION = YES;
				CLANG_WARN__DUPLICATE_METHOD_MATCH = YES;
				GCC_C_LANGUAGE_STANDARD = c99;
				GCC_THUMB_SUPPORT = NO;
				GCC_VERSION = "";
				GCC_WARN_ABOUT_RETURN_TYPE = YES;
				GCC_WARN_UNDECLARED_SELECTOR = YES;
				GCC_WARN_UNINITIALIZED_AUTOS = YES;
				GCC_WARN_UNUSED_FUNCTION = YES;
				GCC_WARN_UNUSED_VARIABLE = YES;
				ONLY_ACTIVE_ARCH = YES;
				SDKROOT = iphoneos;
				SKIP_INSTALL = NO;
			};
			name = Debug;
		};
		C01FCF5008A954540054247B /* Release */ = {
			isa = XCBuildConfiguration;
			baseConfigurationReference = 3047A5111AB8059700498E2A /* build.xcconfig */;
			buildSettings = {
				CLANG_ENABLE_MODULES = YES;
				CLANG_ENABLE_OBJC_ARC = YES;
				CLANG_WARN_BOOL_CONVERSION = YES;
				CLANG_WARN_CONSTANT_CONVERSION = YES;
				CLANG_WARN_EMPTY_BODY = YES;
				CLANG_WARN_ENUM_CONVERSION = YES;
				CLANG_WARN_INT_CONVERSION = YES;
				CLANG_WARN__DUPLICATE_METHOD_MATCH = YES;
				GCC_C_LANGUAGE_STANDARD = c99;
				GCC_THUMB_SUPPORT = NO;
				GCC_VERSION = "";
				GCC_WARN_ABOUT_RETURN_TYPE = YES;
				GCC_WARN_UNDECLARED_SELECTOR = YES;
				GCC_WARN_UNINITIALIZED_AUTOS = YES;
				GCC_WARN_UNUSED_FUNCTION = YES;
				GCC_WARN_UNUSED_VARIABLE = YES;
				SDKROOT = iphoneos;
				SKIP_INSTALL = NO;
			};
			name = Release;
		};
/* End XCBuildConfiguration section */

/* Begin XCConfigurationList section */
		1D6058960D05DD3E006BFB54 /* Build configuration list for PBXNativeTarget "dm_testapp" */ = {
			isa = XCConfigurationList;
			buildConfigurations = (
				1D6058940D05DD3E006BFB54 /* Debug */,
				1D6058950D05DD3E006BFB54 /* Release */,
			);
			defaultConfigurationIsVisible = 0;
			defaultConfigurationName = Release;
		};
		C01FCF4E08A954540054247B /* Build configuration list for PBXProject "dm_testapp" */ = {
			isa = XCConfigurationList;
			buildConfigurations = (
				C01FCF4F08A954540054247B /* Debug */,
				C01FCF5008A954540054247B /* Release */,
			);
			defaultConfigurationIsVisible = 0;
			defaultConfigurationName = Release;
		};
/* End XCConfigurationList section */
	};
	rootObject = 29B97313FDCFA39411CA2CEA /* Project object */;
}
